{
  "version": 4,
  "terraform_version": "1.9.7",
  "serial": 223,
  "lineage": "d78f05aa-b870-bc4c-4c0c-ac435f9f283b",
  "outputs": {
    "backend_url": {
      "value": "",
      "type": "string"
    },
    "docker_repository": {
      "value": "europe-west1-docker.pkg.dev/moov-438615/prod-docker-repository",
      "type": "string"
    },
    "firebase_android_config_json": {
      "value": "{\n  \"project_info\": {\n    \"project_number\": \"378762893981\",\n    \"project_id\": \"moov-438615\",\n    \"storage_bucket\": \"moov-438615.appspot.com\"\n  },\n  \"client\": [\n    {\n      \"client_info\": {\n        \"mobilesdk_app_id\": \"1:378762893981:android:747f32fead20a3932b9274\",\n        \"android_client_info\": {\n          \"package_name\": \"prod.mobile.app.android\"\n        }\n      },\n      \"oauth_client\": [],\n      \"api_key\": [\n        {\n          \"current_key\": \"AIzaSyAcXNezCLZh4rAxvBp6zLfjIh2kACO_yQE\"\n        }\n      ],\n      \"services\": {\n        \"appinvite_service\": {\n          \"other_platform_oauth_client\": []\n        }\n      }\n    }\n  ],\n  \"configuration_version\": \"1\"\n}",
      "type": "string",
      "sensitive": true
    },
    "firebase_ios_config_plist": {
      "value": "\u003c?xml version=\"1.0\" encoding=\"UTF-8\"?\u003e\n\u003c!DOCTYPE plist PUBLIC \"-//Apple//DTD PLIST 1.0//EN\" \"http://www.apple.com/DTDs/PropertyList-1.0.dtd\"\u003e\n\u003cplist version=\"1.0\"\u003e\n\u003cdict\u003e\n\t\u003ckey\u003eAPI_KEY\u003c/key\u003e\n\t\u003cstring\u003eAIzaSyB8ndSpUJkYwyu5o_nCYtLrk469gkOHrFw\u003c/string\u003e\n\t\u003ckey\u003eGCM_SENDER_ID\u003c/key\u003e\n\t\u003cstring\u003e378762893981\u003c/string\u003e\n\t\u003ckey\u003ePLIST_VERSION\u003c/key\u003e\n\t\u003cstring\u003e1\u003c/string\u003e\n\t\u003ckey\u003eBUNDLE_ID\u003c/key\u003e\n\t\u003cstring\u003eprod.mobile.app.apple\u003c/string\u003e\n\t\u003ckey\u003ePROJECT_ID\u003c/key\u003e\n\t\u003cstring\u003emoov-438615\u003c/string\u003e\n\t\u003ckey\u003eSTORAGE_BUCKET\u003c/key\u003e\n\t\u003cstring\u003emoov-438615.appspot.com\u003c/string\u003e\n\t\u003ckey\u003eIS_ADS_ENABLED\u003c/key\u003e\n\t\u003cfalse\u003e\u003c/false\u003e\n\t\u003ckey\u003eIS_ANALYTICS_ENABLED\u003c/key\u003e\n\t\u003cfalse\u003e\u003c/false\u003e\n\t\u003ckey\u003eIS_APPINVITE_ENABLED\u003c/key\u003e\n\t\u003ctrue\u003e\u003c/true\u003e\n\t\u003ckey\u003eIS_GCM_ENABLED\u003c/key\u003e\n\t\u003ctrue\u003e\u003c/true\u003e\n\t\u003ckey\u003eIS_SIGNIN_ENABLED\u003c/key\u003e\n\t\u003ctrue\u003e\u003c/true\u003e\n\t\u003ckey\u003eGOOGLE_APP_ID\u003c/key\u003e\n\t\u003cstring\u003e1:378762893981:ios:1a24632d682b72e22b9274\u003c/string\u003e\n\u003c/dict\u003e\n\u003c/plist\u003e",
      "type": "string",
      "sensitive": true
    },
    "gcp_creds_client_email": {
      "value": "root-admin@moov-438615.iam.gserviceaccount.com",
      "type": "string"
    },
    "github_actions_private_key": {
      "value": "ewogICJ0eXBlIjogInNlcnZpY2VfYWNjb3VudCIsCiAgInByb2plY3RfaWQiOiAibW9vdi00Mzg2MTUiLAogICJwcml2YXRlX2tleV9pZCI6ICI0OGM2ODc1OWZhMGZjOWE3OTAwNTA3ZjlhODE4MGQxZWYzNWZkZmIzIiwKICAicHJpdmF0ZV9rZXkiOiAiLS0tLS1CRUdJTiBQUklWQVRFIEtFWS0tLS0tXG5NSUlFdndJQkFEQU5CZ2txaGtpRzl3MEJBUUVGQUFTQ0JLa3dnZ1NsQWdFQUFvSUJBUUR3SVR0Z0RpK0U3V0NFXG5HNXNKeXVlR2tTWWV6M283YS9DRENvV05WaFZCSnIvY0Z4S1lMTzJmVUxIWXZPOFhrMWpHWERwem0rNXJuNTEyXG45UVVnQmRpSzlwd0FveU5MajI0TmFtbjBaV2kvQ0VnZUVHRXRIKzFvbzk2cWF3QXJFZU1nTU94d0FhaXhyVEtlXG5vbUxoVmF1dXUzUUxFZEN3SC92THlNaU5ocUEvRUhBaHNLT0xLdEx0cy9uelErdEUwU3FHTlI2QTI5Uk9NczRMXG4rM3UwV2MyaTgwZ0RRZ1c1QU9CMmFsNmlubm1FQ25QRkNSSWtRcTYxNW9uUC9SdEpTZE14em84S24yU2JzNTFvXG4rWFRTa0pkUVhyM1pnMm93Yno4Rlp5d2pzcnNRUjAySiswNzZSeFI0MEI1a1NrYkFkdUVCbHk3TWpNaTZwT3UxXG5kQkhOMkRackFnTUJBQUVDZ2dFQUJXZTloakxKUXVjOVI5NUlvNklCWnBwRFpjTzRqTnpleVpmRjB4MUd1c1orXG5sNGxWSXBySTNqM1dhTHBYY1hDZ2NKWU5CeEMvYlJkNWZDT0RGcW9XYzRuQzJSR3VjMW9LaHphak40RHFUUXcvXG5kakNrRGpNeFNJZ1JmZGRFQ3NadnFIWEdDVWhEdE1YaEV3aWkzblBIQStqMTN4bzBEd1FEazhLcmVyM0pIcVNJXG5qN3NtMkdzVHlNb1pkTmI1Uy90MFJoNHk3d1JGVmo2LzFuRDZtajlMQWRrTjZZOHNrSXozWkpwNEF3WVhGNnEyXG41VDZsZjU2L0t6Si9BY1ZEUFJPKzF5aWVFNzlTUkltSlNaZjE3a1JHNWVIdU1Zdi9DUnJaa2VOcVRzYlZWS2pvXG5wNTJZbHA1SG1OUU13VFJDMzMvZi95N3ptWFdCRFdVZ2hQVlJqTDE1SVFLQmdRRDhEZnhnbWRnbEtXRFRadGNqXG5pYW1PQUFyY1dYd0Nsalp5MUlZbnEwSVZQbm1RTDNGdTNzL2M2TGN6NHA4Nit0dENnLzdtbUNnU3R0UncvaXdBXG5NNE0xNUg2K0xPOFBYdngrdG5vTDB1VGpmNEhDVnJucWRpUSt2N0k0Yi9sTWZ2N3NJTEFLQzJJb2x2aGpKMkhQXG44WkRPeHRpeTBUb0p6UFpIN1dDcUZaVlh5d0tCZ1FEejQzWThEUmJsOXlwcUJ0UUNZWDVDZU42Z01saUlDYzMxXG5jV2FsQmprQnoyWWpUK09iWC9HVnBRMUN3czR6WXBUc0VoUStFYlVhaitHUENXekcxbGJvOUdoYTFpNjJkekZ4XG5PalU0V0V4WGRLV3ZyaS94c29ENkhyMFdJSzNsNWZBdTJMOEVzRGpEVkxKaDRzRWJxRlREQnBzbFZGRGNHWVNjXG5HMEJtRDU2SDRRS0JnUURJU3B6WWJxZ1JyN1hmaDROQ0hDeCtTSTVZMTByeUMwZXRMRENHNlZJVDY1ZFIra0ZiXG5admNxaGtxK2trRVI3ekc0dzRjVTJxaE5acmVlS252d2xQNlpIcitRZzhoY0lKRG9hRHpIbElpS04xSjNpYzhtXG4vMGFDRG5haTNtZnVYNlJYSXdxQWtOY3BoZjVQWElZZlpjZzZhRXplbStCUTFXeUhiNXcyeS92bXpRS0JnUUN0XG5ZU0RtbysrSllHTFlxUzRDMjBnay9VUlc0ak9wMGo2R3BDMXlWN0FqSjB2WEFxNHVBTkQvcnl4MEw0VGpac3V6XG4zMDVncWJuenZpRjl6QmQyYTEyeGtqNjFoTm9FZ1V1MjBNaVEyOFM1ejRVU0ZXU2tFR0E4YjZuQWwwN0l4dVF1XG5pWXVTUzZ5dXdBRm9NUWxUSGlIVDIxaGorMExZbFpOK1hxa3paUnN3UVFLQmdRRHBFdTMwcjhGZ1R3TG5xTjJzXG52TFlmOXo2OThOSkhHbUhudjB1SjdFenJjLzljMmV4SU5jMzVBaDcwRVpZcHFHQ0xDNWxQaURrSlJvTDRBZVhNXG41RzMrN0VINUsrakNXUXRqckxLWGRWMk1kci8yYllOS2ZUcnhiY0VzYWlSUlQ0TUI4L1RrQXY2QmRPMGdTSU5nXG50dGpQSWVmbmlmTTlPUTlQSDRidWlmaU5nUT09XG4tLS0tLUVORCBQUklWQVRFIEtFWS0tLS0tXG4iLAogICJjbGllbnRfZW1haWwiOiAiZ2l0aHViLWFjdGlvbnMtbWFpbkBtb292LTQzODYxNS5pYW0uZ3NlcnZpY2VhY2NvdW50LmNvbSIsCiAgImNsaWVudF9pZCI6ICIxMTA0NzUxNjIyMDQyOTQwOTAxMTYiLAogICJhdXRoX3VyaSI6ICJodHRwczovL2FjY291bnRzLmdvb2dsZS5jb20vby9vYXV0aDIvYXV0aCIsCiAgInRva2VuX3VyaSI6ICJodHRwczovL29hdXRoMi5nb29nbGVhcGlzLmNvbS90b2tlbiIsCiAgImF1dGhfcHJvdmlkZXJfeDUwOV9jZXJ0X3VybCI6ICJodHRwczovL3d3dy5nb29nbGVhcGlzLmNvbS9vYXV0aDIvdjEvY2VydHMiLAogICJjbGllbnRfeDUwOV9jZXJ0X3VybCI6ICJodHRwczovL3d3dy5nb29nbGVhcGlzLmNvbS9yb2JvdC92MS9tZXRhZGF0YS94NTA5L2dpdGh1Yi1hY3Rpb25zLW1haW4lNDBtb292LTQzODYxNS5pYW0uZ3NlcnZpY2VhY2NvdW50LmNvbSIsCiAgInVuaXZlcnNlX2RvbWFpbiI6ICJnb29nbGVhcGlzLmNvbSIKfQo=",
      "type": "string",
      "sensitive": true
    },
    "project": {
      "value": "moov-438615",
      "type": "string"
    },
    "project_name": {
      "value": "moov",
      "type": "string"
    },
    "project_number": {
      "value": "378762893981",
      "type": "string"
    },
    "public_docker_repository": {
      "value": "europe-west1-docker.pkg.dev/moov-438615/prod-docker-repository-public",
      "type": "string"
    },
    "web_background_image_cdn_url": {
      "value": "http://34.98.82.137/public-web-background-image.jpg",
      "type": "string"
    }
  },
  "resources": [
    {
      "mode": "data",
      "type": "google_project",
      "name": "project",
      "provider": "provider[\"registry.terraform.io/hashicorp/google\"]",
      "instances": [
        {
          "schema_version": 0,
          "attributes": {
            "auto_create_network": null,
            "billing_account": "012F35-4F9E4B-CB8479",
            "deletion_policy": "PREVENT",
            "effective_labels": {
              "firebase": "enabled"
            },
            "folder_id": null,
            "id": "projects/moov-438615",
            "labels": {
              "firebase": "enabled"
            },
            "name": "moov",
            "number": "378762893981",
            "org_id": null,
            "project_id": "moov-438615",
            "tags": null,
            "terraform_labels": {
              "firebase": "enabled"
            }
          },
          "sensitive_attributes": []
        }
      ]
    },
    {
      "mode": "managed",
      "type": "google_project_service",
      "name": "google_services_default",
      "provider": "provider[\"registry.terraform.io/hashicorp/google-beta\"].no_user_project_override",
      "instances": [
        {
          "index_key": "cloudbilling.googleapis.com",
          "schema_version": 0,
          "attributes": {
            "check_if_service_has_usage_on_destroy": false,
            "disable_dependent_services": true,
            "disable_on_destroy": false,
            "id": "moov-438615/cloudbilling.googleapis.com",
            "project": "moov-438615",
            "service": "cloudbilling.googleapis.com",
            "timeouts": null
          },
          "sensitive_attributes": [],
          "private": "eyJlMmJmYjczMC1lY2FhLTExZTYtOGY4OC0zNDM2M2JjN2M0YzAiOnsiY3JlYXRlIjoxMjAwMDAwMDAwMDAwLCJkZWxldGUiOjEyMDAwMDAwMDAwMDAsInJlYWQiOjYwMDAwMDAwMDAwMCwidXBkYXRlIjoxMjAwMDAwMDAwMDAwfX0="
        },
        {
          "index_key": "cloudbuild.googleapis.com",
          "schema_version": 0,
          "attributes": {
            "check_if_service_has_usage_on_destroy": false,
            "disable_dependent_services": true,
            "disable_on_destroy": false,
            "id": "moov-438615/cloudbuild.googleapis.com",
            "project": "moov-438615",
            "service": "cloudbuild.googleapis.com",
            "timeouts": null
          },
          "sensitive_attributes": [],
          "private": "eyJlMmJmYjczMC1lY2FhLTExZTYtOGY4OC0zNDM2M2JjN2M0YzAiOnsiY3JlYXRlIjoxMjAwMDAwMDAwMDAwLCJkZWxldGUiOjEyMDAwMDAwMDAwMDAsInJlYWQiOjYwMDAwMDAwMDAwMCwidXBkYXRlIjoxMjAwMDAwMDAwMDAwfX0="
        },
        {
          "index_key": "cloudfunctions.googleapis.com",
          "schema_version": 0,
          "attributes": {
            "check_if_service_has_usage_on_destroy": false,
            "disable_dependent_services": true,
            "disable_on_destroy": false,
            "id": "moov-438615/cloudfunctions.googleapis.com",
            "project": "moov-438615",
            "service": "cloudfunctions.googleapis.com",
            "timeouts": null
          },
          "sensitive_attributes": [],
          "private": "eyJlMmJmYjczMC1lY2FhLTExZTYtOGY4OC0zNDM2M2JjN2M0YzAiOnsiY3JlYXRlIjoxMjAwMDAwMDAwMDAwLCJkZWxldGUiOjEyMDAwMDAwMDAwMDAsInJlYWQiOjYwMDAwMDAwMDAwMCwidXBkYXRlIjoxMjAwMDAwMDAwMDAwfX0="
        },
        {
          "index_key": "cloudresourcemanager.googleapis.com",
          "schema_version": 0,
          "attributes": {
            "check_if_service_has_usage_on_destroy": false,
            "disable_dependent_services": true,
            "disable_on_destroy": false,
            "id": "moov-438615/cloudresourcemanager.googleapis.com",
            "project": "moov-438615",
            "service": "cloudresourcemanager.googleapis.com",
            "timeouts": null
          },
          "sensitive_attributes": [],
          "private": "eyJlMmJmYjczMC1lY2FhLTExZTYtOGY4OC0zNDM2M2JjN2M0YzAiOnsiY3JlYXRlIjoxMjAwMDAwMDAwMDAwLCJkZWxldGUiOjEyMDAwMDAwMDAwMDAsInJlYWQiOjYwMDAwMDAwMDAwMCwidXBkYXRlIjoxMjAwMDAwMDAwMDAwfX0="
        },
        {
          "index_key": "compute.googleapis.com",
          "schema_version": 0,
          "attributes": {
            "check_if_service_has_usage_on_destroy": false,
            "disable_dependent_services": true,
            "disable_on_destroy": false,
            "id": "moov-438615/compute.googleapis.com",
            "project": "moov-438615",
            "service": "compute.googleapis.com",
            "timeouts": null
          },
          "sensitive_attributes": [],
          "private": "eyJlMmJmYjczMC1lY2FhLTExZTYtOGY4OC0zNDM2M2JjN2M0YzAiOnsiY3JlYXRlIjoxMjAwMDAwMDAwMDAwLCJkZWxldGUiOjEyMDAwMDAwMDAwMDAsInJlYWQiOjYwMDAwMDAwMDAwMCwidXBkYXRlIjoxMjAwMDAwMDAwMDAwfX0="
        },
        {
          "index_key": "iam.googleapis.com",
          "schema_version": 0,
          "attributes": {
            "check_if_service_has_usage_on_destroy": false,
            "disable_dependent_services": true,
            "disable_on_destroy": false,
            "id": "moov-438615/iam.googleapis.com",
            "project": "moov-438615",
            "service": "iam.googleapis.com",
            "timeouts": null
          },
          "sensitive_attributes": [],
          "private": "eyJlMmJmYjczMC1lY2FhLTExZTYtOGY4OC0zNDM2M2JjN2M0YzAiOnsiY3JlYXRlIjoxMjAwMDAwMDAwMDAwLCJkZWxldGUiOjEyMDAwMDAwMDAwMDAsInJlYWQiOjYwMDAwMDAwMDAwMCwidXBkYXRlIjoxMjAwMDAwMDAwMDAwfX0="
        },
        {
          "index_key": "secretmanager.googleapis.com",
          "schema_version": 0,
          "attributes": {
            "check_if_service_has_usage_on_destroy": false,
            "disable_dependent_services": true,
            "disable_on_destroy": false,
            "id": "moov-438615/secretmanager.googleapis.com",
            "project": "moov-438615",
            "service": "secretmanager.googleapis.com",
            "timeouts": null
          },
          "sensitive_attributes": [],
          "private": "eyJlMmJmYjczMC1lY2FhLTExZTYtOGY4OC0zNDM2M2JjN2M0YzAiOnsiY3JlYXRlIjoxMjAwMDAwMDAwMDAwLCJkZWxldGUiOjEyMDAwMDAwMDAwMDAsInJlYWQiOjYwMDAwMDAwMDAwMCwidXBkYXRlIjoxMjAwMDAwMDAwMDAwfX0="
        },
        {
          "index_key": "serviceusage.googleapis.com",
          "schema_version": 0,
          "attributes": {
            "check_if_service_has_usage_on_destroy": false,
            "disable_dependent_services": true,
            "disable_on_destroy": false,
            "id": "moov-438615/serviceusage.googleapis.com",
            "project": "moov-438615",
            "service": "serviceusage.googleapis.com",
            "timeouts": null
          },
          "sensitive_attributes": [],
          "private": "eyJlMmJmYjczMC1lY2FhLTExZTYtOGY4OC0zNDM2M2JjN2M0YzAiOnsiY3JlYXRlIjoxMjAwMDAwMDAwMDAwLCJkZWxldGUiOjEyMDAwMDAwMDAwMDAsInJlYWQiOjYwMDAwMDAwMDAwMCwidXBkYXRlIjoxMjAwMDAwMDAwMDAwfX0="
        }
      ]
    },
    {
      "module": "module.gcloud",
      "mode": "data",
      "type": "archive_file",
      "name": "auth_func_src",
      "provider": "provider[\"registry.terraform.io/hashicorp/archive\"]",
      "instances": [
        {
          "schema_version": 0,
          "attributes": {
            "exclude_symlink_directories": null,
            "excludes": null,
            "id": "6cb111659abec69574f8391000fa29f26b88ccae",
            "output_base64sha256": "Mw6bW/k6ZPiDVjbDKi/JLOc06/tZM7Goq3m0ruEi+2w=",
            "output_base64sha512": "JYNmbmIq1ZRkyAscLH30VQTB8cli0U/g3jeDfIMJvM15nBG4HyTyBRYujPQdwLofhcfJuX9zR39Qu1egFCzakw==",
            "output_file_mode": null,
            "output_md5": "3605bf6f3e8cf277a1ca3964bbd3327e",
            "output_path": "/tmp/auth-function-source.zip",
            "output_sha": "6cb111659abec69574f8391000fa29f26b88ccae",
            "output_sha256": "330e9b5bf93a64f8835636c32a2fc92ce734ebfb5933b1a8ab79b4aee122fb6c",
            "output_sha512": "2583666e622ad59464c80b1c2c7df45504c1f1c962d14fe0de37837c8309bccd799c11b81f24f205162e8cf41dc0ba1f85c7c9b97f73477f50bb57a0142cda93",
            "output_size": 12219829,
            "source": [],
            "source_content": null,
            "source_content_filename": null,
            "source_dir": "../../gcloud/auth/",
            "source_file": null,
            "type": "zip"
          },
          "sensitive_attributes": []
        }
      ]
    },
    {
      "module": "module.gcloud",
      "mode": "data",
      "type": "google_firebase_android_app",
      "name": "android_sha",
      "provider": "provider[\"registry.terraform.io/hashicorp/google-beta\"]",
      "instances": [
        {
          "schema_version": 0,
          "attributes": {
            "api_key_id": "d901a266-4a8e-4c1b-9f80-106912e0018a",
            "app_id": "1:378762893981:android:747f32fead20a3932b9274",
            "deletion_policy": "DELETE",
            "display_name": "Utrade Android app (prod)",
            "etag": "1_384d3676-b324-42d6-bed6-125afbcfb18b",
            "id": "projects/moov-438615/androidApps/1:378762893981:android:747f32fead20a3932b9274",
            "name": "projects/moov-438615/androidApps/1:378762893981:android:747f32fead20a3932b9274",
            "package_name": "prod.mobile.app.android",
            "project": "moov-438615",
            "sha1_hashes": [],
            "sha256_hashes": []
          },
          "sensitive_attributes": []
        }
      ]
    },
    {
      "module": "module.gcloud",
      "mode": "data",
      "type": "google_firebase_android_app_config",
      "name": "android_config",
      "provider": "provider[\"registry.terraform.io/hashicorp/google-beta\"]",
      "instances": [
        {
          "schema_version": 0,
          "attributes": {
            "app_id": "1:378762893981:android:747f32fead20a3932b9274",
            "config_file_contents": "ewogICJwcm9qZWN0X2luZm8iOiB7CiAgICAicHJvamVjdF9udW1iZXIiOiAiMzc4NzYyODkzOTgxIiwKICAgICJwcm9qZWN0X2lkIjogIm1vb3YtNDM4NjE1IiwKICAgICJzdG9yYWdlX2J1Y2tldCI6ICJtb292LTQzODYxNS5hcHBzcG90LmNvbSIKICB9LAogICJjbGllbnQiOiBbCiAgICB7CiAgICAgICJjbGllbnRfaW5mbyI6IHsKICAgICAgICAibW9iaWxlc2RrX2FwcF9pZCI6ICIxOjM3ODc2Mjg5Mzk4MTphbmRyb2lkOjc0N2YzMmZlYWQyMGEzOTMyYjkyNzQiLAogICAgICAgICJhbmRyb2lkX2NsaWVudF9pbmZvIjogewogICAgICAgICAgInBhY2thZ2VfbmFtZSI6ICJwcm9kLm1vYmlsZS5hcHAuYW5kcm9pZCIKICAgICAgICB9CiAgICAgIH0sCiAgICAgICJvYXV0aF9jbGllbnQiOiBbXSwKICAgICAgImFwaV9rZXkiOiBbCiAgICAgICAgewogICAgICAgICAgImN1cnJlbnRfa2V5IjogIkFJemFTeUFjWE5lekNMWmg0ckF4dkJwNnpMZmpJaDJrQUNPX3lRRSIKICAgICAgICB9CiAgICAgIF0sCiAgICAgICJzZXJ2aWNlcyI6IHsKICAgICAgICAiYXBwaW52aXRlX3NlcnZpY2UiOiB7CiAgICAgICAgICAib3RoZXJfcGxhdGZvcm1fb2F1dGhfY2xpZW50IjogW10KICAgICAgICB9CiAgICAgIH0KICAgIH0KICBdLAogICJjb25maWd1cmF0aW9uX3ZlcnNpb24iOiAiMSIKfQ==",
            "config_filename": "google-services.json",
            "id": "projects/moov-438615/androidApps/1:378762893981:android:747f32fead20a3932b9274/config",
            "project": "moov-438615"
          },
          "sensitive_attributes": []
        }
      ]
    },
    {
      "module": "module.gcloud",
      "mode": "data",
      "type": "google_firebase_apple_app_config",
      "name": "ios_config",
      "provider": "provider[\"registry.terraform.io/hashicorp/google-beta\"]",
      "instances": [
        {
          "schema_version": 0,
          "attributes": {
            "app_id": "1:378762893981:ios:1a24632d682b72e22b9274",
            "config_file_contents": "PD94bWwgdmVyc2lvbj0iMS4wIiBlbmNvZGluZz0iVVRGLTgiPz4KPCFET0NUWVBFIHBsaXN0IFBVQkxJQyAiLS8vQXBwbGUvL0RURCBQTElTVCAxLjAvL0VOIiAiaHR0cDovL3d3dy5hcHBsZS5jb20vRFREcy9Qcm9wZXJ0eUxpc3QtMS4wLmR0ZCI+CjxwbGlzdCB2ZXJzaW9uPSIxLjAiPgo8ZGljdD4KCTxrZXk+QVBJX0tFWTwva2V5PgoJPHN0cmluZz5BSXphU3lCOG5kU3BVSmtZd3l1NW9fbkNZdExyazQ2OWdrT0hyRnc8L3N0cmluZz4KCTxrZXk+R0NNX1NFTkRFUl9JRDwva2V5PgoJPHN0cmluZz4zNzg3NjI4OTM5ODE8L3N0cmluZz4KCTxrZXk+UExJU1RfVkVSU0lPTjwva2V5PgoJPHN0cmluZz4xPC9zdHJpbmc+Cgk8a2V5PkJVTkRMRV9JRDwva2V5PgoJPHN0cmluZz5wcm9kLm1vYmlsZS5hcHAuYXBwbGU8L3N0cmluZz4KCTxrZXk+UFJPSkVDVF9JRDwva2V5PgoJPHN0cmluZz5tb292LTQzODYxNTwvc3RyaW5nPgoJPGtleT5TVE9SQUdFX0JVQ0tFVDwva2V5PgoJPHN0cmluZz5tb292LTQzODYxNS5hcHBzcG90LmNvbTwvc3RyaW5nPgoJPGtleT5JU19BRFNfRU5BQkxFRDwva2V5PgoJPGZhbHNlPjwvZmFsc2U+Cgk8a2V5PklTX0FOQUxZVElDU19FTkFCTEVEPC9rZXk+Cgk8ZmFsc2U+PC9mYWxzZT4KCTxrZXk+SVNfQVBQSU5WSVRFX0VOQUJMRUQ8L2tleT4KCTx0cnVlPjwvdHJ1ZT4KCTxrZXk+SVNfR0NNX0VOQUJMRUQ8L2tleT4KCTx0cnVlPjwvdHJ1ZT4KCTxrZXk+SVNfU0lHTklOX0VOQUJMRUQ8L2tleT4KCTx0cnVlPjwvdHJ1ZT4KCTxrZXk+R09PR0xFX0FQUF9JRDwva2V5PgoJPHN0cmluZz4xOjM3ODc2Mjg5Mzk4MTppb3M6MWEyNDYzMmQ2ODJiNzJlMjJiOTI3NDwvc3RyaW5nPgo8L2RpY3Q+CjwvcGxpc3Q+",
            "config_filename": "GoogleService-Info.plist",
            "id": "projects/moov-438615/iosApps/1:378762893981:ios:1a24632d682b72e22b9274/config",
            "project": "moov-438615"
          },
          "sensitive_attributes": []
        }
      ]
    },
    {
      "module": "module.gcloud",
      "mode": "data",
      "type": "google_firebase_web_app_config",
      "name": "web_app_config",
      "provider": "provider[\"registry.terraform.io/hashicorp/google-beta\"]",
      "instances": [
        {
          "schema_version": 0,
          "attributes": {
            "api_key": "AIzaSyAXQBoWoAYM5YGvXWrNf7rN8r8MuJDzve0",
            "auth_domain": "moov-438615.firebaseapp.com",
            "database_url": "",
            "id": "1:378762893981:web:73b58a95437cb8ad2b9274",
            "location_id": "",
            "measurement_id": "",
            "messaging_sender_id": "378762893981",
            "project": "moov-438615",
            "storage_bucket": "moov-438615.appspot.com",
            "web_app_id": "1:378762893981:web:73b58a95437cb8ad2b9274"
          },
          "sensitive_attributes": []
        }
      ]
    },
    {
      "module": "module.gcloud",
      "mode": "managed",
      "type": "google_apikeys_key",
      "name": "google_maps_android_api_key",
      "provider": "provider[\"registry.terraform.io/hashicorp/google\"]",
      "instances": [
        {
          "schema_version": 0,
          "attributes": {
            "display_name": "Google Maps Android API Key",
            "id": "projects/moov-438615/locations/global/keys/mobile-google-maps-api-key-android",
            "key_string": "AIzaSyDqwTQ0fZiXOi7yw6SPvD5D6Z7owLZ4PFM",
            "name": "mobile-google-maps-api-key-android",
            "project": "moov-438615",
            "restrictions": [
              {
                "android_key_restrictions": [],
                "api_targets": [
                  {
                    "methods": [
                      "*"
                    ],
                    "service": "maps.googleapis.com"
                  }
                ],
                "browser_key_restrictions": [],
                "ios_key_restrictions": [],
                "server_key_restrictions": []
              }
            ],
            "timeouts": null,
            "uid": "ce797843-6ca8-4e1b-a7ac-a5ca57678f3e"
          },
          "sensitive_attributes": [
            [
              {
                "type": "get_attr",
                "value": "key_string"
              }
            ]
          ],
          "private": "eyJlMmJmYjczMC1lY2FhLTExZTYtOGY4OC0zNDM2M2JjN2M0YzAiOnsiY3JlYXRlIjoxMjAwMDAwMDAwMDAwLCJkZWxldGUiOjEyMDAwMDAwMDAwMDAsInVwZGF0ZSI6MTIwMDAwMDAwMDAwMH0sInNjaGVtYV92ZXJzaW9uIjoiMCJ9"
        }
      ]
    },
    {
      "module": "module.gcloud",
      "mode": "managed",
      "type": "google_apikeys_key",
      "name": "google_maps_ios_api_key",
      "provider": "provider[\"registry.terraform.io/hashicorp/google\"]",
      "instances": [
        {
          "schema_version": 0,
          "attributes": {
            "display_name": "Google Maps iOS API Key",
            "id": "projects/moov-438615/locations/global/keys/mobile-google-maps-api-key-ios",
            "key_string": "AIzaSyDfV2LDAG-tA2IUUTThfDv5FwN58aLACgM",
            "name": "mobile-google-maps-api-key-ios",
            "project": "moov-438615",
            "restrictions": [
              {
                "android_key_restrictions": [],
                "api_targets": [
                  {
                    "methods": [
                      "*"
                    ],
                    "service": "maps.googleapis.com"
                  }
                ],
                "browser_key_restrictions": [],
                "ios_key_restrictions": [
                  {
                    "allowed_bundle_ids": [
                      "prod.mobile.app.apple"
                    ]
                  }
                ],
                "server_key_restrictions": []
              }
            ],
            "timeouts": null,
            "uid": "01bed651-1665-4d73-bbba-b86fc844e7ed"
          },
          "sensitive_attributes": [
            [
              {
                "type": "get_attr",
                "value": "key_string"
              }
            ]
          ],
          "private": "eyJlMmJmYjczMC1lY2FhLTExZTYtOGY4OC0zNDM2M2JjN2M0YzAiOnsiY3JlYXRlIjoxMjAwMDAwMDAwMDAwLCJkZWxldGUiOjEyMDAwMDAwMDAwMDAsInVwZGF0ZSI6MTIwMDAwMDAwMDAwMH0sInNjaGVtYV92ZXJzaW9uIjoiMCJ9",
          "dependencies": [
            "module.gcloud.google_firebase_apple_app.ios_app",
            "module.gcloud.google_firebase_project.moov",
            "module.gcloud.google_project_service.google_services_firebase"
          ]
        }
      ]
    },
    {
      "module": "module.gcloud",
      "mode": "managed",
      "type": "google_apikeys_key",
      "name": "web_google_maps_api_key",
      "provider": "provider[\"registry.terraform.io/hashicorp/google\"]",
      "instances": [
        {
          "schema_version": 0,
          "attributes": {
            "display_name": "Web Maps API Key",
            "id": "projects/moov-438615/locations/global/keys/web-google-maps-api-key",
            "key_string": "AIzaSyBj32YZAbxAdoU5vv2Bh16CVomIPMQ4lmQ",
            "name": "web-google-maps-api-key",
            "project": "moov-438615",
            "restrictions": [
              {
                "android_key_restrictions": [],
                "api_targets": [
                  {
                    "methods": [],
                    "service": "maps-backend.googleapis.com"
                  }
                ],
                "browser_key_restrictions": [
                  {
                    "allowed_referrers": [
                      "localhost",
                      "moov-438615.firebaseapp.com",
                      "moov-438615.web.app"
                    ]
                  }
                ],
                "ios_key_restrictions": [],
                "server_key_restrictions": []
              }
            ],
            "timeouts": null,
            "uid": "874934aa-6940-4e85-b5d9-c231cbaa817f"
          },
          "sensitive_attributes": [
            [
              {
                "type": "get_attr",
                "value": "key_string"
              }
            ]
          ],
          "private": "eyJlMmJmYjczMC1lY2FhLTExZTYtOGY4OC0zNDM2M2JjN2M0YzAiOnsiY3JlYXRlIjoxMjAwMDAwMDAwMDAwLCJkZWxldGUiOjEyMDAwMDAwMDAwMDAsInVwZGF0ZSI6MTIwMDAwMDAwMDAwMH0sInNjaGVtYV92ZXJzaW9uIjoiMCJ9"
        }
      ]
    },
    {
      "module": "module.gcloud",
      "mode": "managed",
      "type": "google_artifact_registry_repository",
      "name": "private_docker_repository",
      "provider": "provider[\"registry.terraform.io/hashicorp/google\"]",
      "instances": [
        {
          "schema_version": 0,
          "attributes": {
            "cleanup_policies": [],
            "cleanup_policy_dry_run": false,
            "create_time": "2024-10-14T18:14:50.875111Z",
            "description": "private_docker_repository main private docker repository",
            "docker_config": [],
            "effective_labels": {
              "goog-terraform-provisioned": "true"
            },
            "format": "DOCKER",
            "id": "projects/moov-438615/locations/europe-west1/repositories/prod-docker-repository",
            "kms_key_name": "",
            "labels": {},
            "location": "europe-west1",
            "maven_config": [],
            "mode": "STANDARD_REPOSITORY",
            "name": "prod-docker-repository",
            "project": "moov-438615",
            "remote_repository_config": [],
            "repository_id": "prod-docker-repository",
            "terraform_labels": {
              "goog-terraform-provisioned": "true"
            },
            "timeouts": null,
            "update_time": "2024-10-15T05:26:29.084969Z",
            "virtual_repository_config": []
          },
          "sensitive_attributes": [],
          "private": "eyJlMmJmYjczMC1lY2FhLTExZTYtOGY4OC0zNDM2M2JjN2M0YzAiOnsiY3JlYXRlIjoxMjAwMDAwMDAwMDAwLCJkZWxldGUiOjEyMDAwMDAwMDAwMDAsInVwZGF0ZSI6MTIwMDAwMDAwMDAwMH19"
        }
      ]
    },
    {
      "module": "module.gcloud",
      "mode": "managed",
      "type": "google_artifact_registry_repository",
      "name": "public_docker_repository",
      "provider": "provider[\"registry.terraform.io/hashicorp/google\"]",
      "instances": [
        {
          "schema_version": 0,
          "attributes": {
            "cleanup_policies": [],
            "cleanup_policy_dry_run": false,
            "create_time": "2024-10-14T18:09:07.058609Z",
            "description": "Public Docker repository",
            "docker_config": [],
            "effective_labels": {
              "goog-terraform-provisioned": "true"
            },
            "format": "DOCKER",
            "id": "projects/moov-438615/locations/europe-west1/repositories/prod-docker-repository-public",
            "kms_key_name": "",
            "labels": {},
            "location": "europe-west1",
            "maven_config": [],
            "mode": "STANDARD_REPOSITORY",
            "name": "prod-docker-repository-public",
            "project": "moov-438615",
            "remote_repository_config": [],
            "repository_id": "prod-docker-repository-public",
            "terraform_labels": {
              "goog-terraform-provisioned": "true"
            },
            "timeouts": null,
            "update_time": "2024-10-15T04:44:20.021026Z",
            "virtual_repository_config": []
          },
          "sensitive_attributes": [],
          "private": "eyJlMmJmYjczMC1lY2FhLTExZTYtOGY4OC0zNDM2M2JjN2M0YzAiOnsiY3JlYXRlIjoxMjAwMDAwMDAwMDAwLCJkZWxldGUiOjEyMDAwMDAwMDAwMDAsInVwZGF0ZSI6MTIwMDAwMDAwMDAwMH19"
        }
      ]
    },
    {
      "module": "module.gcloud",
      "mode": "managed",
      "type": "google_artifact_registry_repository_iam_member",
      "name": "github_actions_private_repo_read_member",
      "provider": "provider[\"registry.terraform.io/hashicorp/google\"]",
      "instances": [
        {
          "schema_version": 0,
          "attributes": {
            "condition": [],
            "etag": "BwYkc9Dq1CE=",
            "id": "projects/moov-438615/locations/europe-west1/repositories/prod-docker-repository/roles/artifactregistry.reader/serviceAccount:github-actions-main@moov-438615.iam.gserviceaccount.com",
            "location": "europe-west1",
            "member": "serviceAccount:github-actions-main@moov-438615.iam.gserviceaccount.com",
            "project": "moov-438615",
            "repository": "projects/moov-438615/locations/europe-west1/repositories/prod-docker-repository",
            "role": "roles/artifactregistry.reader"
          },
          "sensitive_attributes": [],
          "private": "eyJzY2hlbWFfdmVyc2lvbiI6IjAifQ==",
          "dependencies": [
            "module.gcloud.google_artifact_registry_repository.private_docker_repository",
            "module.gcloud.google_service_account.github_actions"
          ]
        }
      ]
    },
    {
      "module": "module.gcloud",
      "mode": "managed",
      "type": "google_artifact_registry_repository_iam_member",
      "name": "github_actions_private_repo_write_member",
      "provider": "provider[\"registry.terraform.io/hashicorp/google\"]",
      "instances": [
        {
          "schema_version": 0,
          "attributes": {
            "condition": [],
            "etag": "BwYkc9Dq1CE=",
            "id": "projects/moov-438615/locations/europe-west1/repositories/prod-docker-repository/roles/artifactregistry.writer/serviceAccount:github-actions-main@moov-438615.iam.gserviceaccount.com",
            "location": "europe-west1",
            "member": "serviceAccount:github-actions-main@moov-438615.iam.gserviceaccount.com",
            "project": "moov-438615",
            "repository": "projects/moov-438615/locations/europe-west1/repositories/prod-docker-repository",
            "role": "roles/artifactregistry.writer"
          },
          "sensitive_attributes": [],
          "private": "eyJzY2hlbWFfdmVyc2lvbiI6IjAifQ==",
          "dependencies": [
            "module.gcloud.google_artifact_registry_repository.private_docker_repository",
            "module.gcloud.google_service_account.github_actions"
          ]
        }
      ]
    },
    {
      "module": "module.gcloud",
      "mode": "managed",
      "type": "google_artifact_registry_repository_iam_member",
      "name": "github_actions_public_repo_write_member",
      "provider": "provider[\"registry.terraform.io/hashicorp/google\"]",
      "instances": [
        {
          "schema_version": 0,
          "attributes": {
            "condition": [],
            "etag": "BwYkkbLch0Y=",
            "id": "projects/moov-438615/locations/europe-west1/repositories/prod-docker-repository-public/roles/artifactregistry.writer/serviceAccount:github-actions-main@moov-438615.iam.gserviceaccount.com",
            "location": "europe-west1",
            "member": "serviceAccount:github-actions-main@moov-438615.iam.gserviceaccount.com",
            "project": "moov-438615",
            "repository": "projects/moov-438615/locations/europe-west1/repositories/prod-docker-repository-public",
            "role": "roles/artifactregistry.writer"
          },
          "sensitive_attributes": [],
          "private": "bnVsbA==",
          "dependencies": [
            "module.gcloud.google_artifact_registry_repository.public_docker_repository",
            "module.gcloud.google_service_account.github_actions"
          ]
        }
      ]
    },
    {
      "module": "module.gcloud",
      "mode": "managed",
      "type": "google_artifact_registry_repository_iam_member",
      "name": "public_read",
      "provider": "provider[\"registry.terraform.io/hashicorp/google\"]",
      "instances": [
        {
          "schema_version": 0,
          "attributes": {
            "condition": [],
            "etag": "BwYkkbLch0Y=",
            "id": "projects/moov-438615/locations/europe-west1/repositories/prod-docker-repository-public/roles/artifactregistry.reader/allUsers",
            "location": "europe-west1",
            "member": "allUsers",
            "project": "moov-438615",
            "repository": "projects/moov-438615/locations/europe-west1/repositories/prod-docker-repository-public",
            "role": "roles/artifactregistry.reader"
          },
          "sensitive_attributes": [],
          "private": "bnVsbA==",
          "dependencies": [
            "module.gcloud.google_artifact_registry_repository.public_docker_repository"
          ]
        }
      ]
    },
    {
      "module": "module.gcloud",
      "mode": "managed",
      "type": "google_cloud_run_service",
      "name": "application_backend",
      "provider": "provider[\"registry.terraform.io/hashicorp/google\"]",
      "instances": [
        {
          "schema_version": 2,
          "attributes": {
            "autogenerate_revision_name": false,
            "id": "locations/europe-west1/namespaces/moov-438615/services/prod-moov-438615-europe-west1-application-backend",
            "location": "europe-west1",
            "metadata": [
              {
                "annotations": {},
                "effective_annotations": {
                  "run.googleapis.com/ingress": "all",
                  "run.googleapis.com/ingress-status": "all",
                  "run.googleapis.com/operation-id": "6704276a-cc9f-45a7-a8c4-e577f17e0a95",
                  "run.googleapis.com/urls": "[\"https://prod-moov-438615-europe-west1-application-backend-378762893981.europe-west1.run.app\"]",
                  "serving.knative.dev/creator": "root-admin@moov-438615.iam.gserviceaccount.com",
                  "serving.knative.dev/lastModifier": "root-admin@moov-438615.iam.gserviceaccount.com"
                },
                "effective_labels": {
                  "cloud.googleapis.com/location": "europe-west1"
                },
                "generation": 2,
                "labels": {},
                "namespace": "moov-438615",
                "resource_version": "AAYkkbLD3ZA",
                "self_link": "/apis/serving.knative.dev/v1/namespaces/378762893981/services/prod-moov-438615-europe-west1-application-backend",
                "terraform_labels": {},
                "uid": "1f7e5d0c-e79d-4881-868c-3c74d8871561"
              }
            ],
            "name": "prod-moov-438615-europe-west1-application-backend",
            "project": "moov-438615",
            "status": [
              {
                "conditions": [
                  {
                    "message": "Revision 'prod-moov-438615-europe-west1-application-backend-00002-l5p' is not ready and cannot serve traffic. Image 'europe-west1-docker.pkg.dev/moov-438615/prod-docker-repository/moov-438615:backend-v0.0.4-9-g341f739' not found.",
                    "reason": "RevisionFailed",
                    "status": "False",
                    "type": "Ready"
                  },
                  {
                    "message": "",
                    "reason": "",
                    "status": "True",
                    "type": "ConfigurationsReady"
                  },
                  {
                    "message": "Revision 'prod-moov-438615-europe-west1-application-backend-00002-l5p' is not ready and cannot serve traffic. Image 'europe-west1-docker.pkg.dev/moov-438615/prod-docker-repository/moov-438615:backend-v0.0.4-9-g341f739' not found.",
                    "reason": "RevisionFailed",
                    "status": "False",
                    "type": "RoutesReady"
                  }
                ],
                "latest_created_revision_name": "prod-moov-438615-europe-west1-application-backend-00002-l5p",
                "latest_ready_revision_name": "",
                "observed_generation": 2,
                "traffic": [],
                "url": ""
              }
            ],
            "template": [
              {
                "metadata": [
                  {
                    "annotations": {
                      "autoscaling.knative.dev/maxScale": "100"
                    },
                    "generation": 0,
                    "labels": {
                      "run.googleapis.com/startupProbeType": "Default"
                    },
                    "name": "",
                    "namespace": "",
                    "resource_version": "",
                    "self_link": "",
                    "uid": ""
                  }
                ],
                "spec": [
                  {
                    "container_concurrency": 80,
                    "containers": [
                      {
                        "args": [],
                        "command": [],
                        "env": [
                          {
                            "name": "FIREBASE_ADMINSDK_SERVICEACCOUNT_ID",
                            "value": "projects/378762893981/secrets/prod-firebase-adminsdk-service-account-key/versions/1",
                            "value_from": []
                          },
                          {
                            "name": "FIREBASE_PROJECT_ID",
                            "value": "projects/moov-438615",
                            "value_from": []
                          },
                          {
                            "name": "UI_CONFIG_FIREBASE_SECRET_ID",
                            "value": "projects/378762893981/secrets/prod-firebase-config-secret/versions/2",
                            "value_from": []
                          },
                          {
                            "name": "UI_CONFIG_GOOGLEMAPS_SECRET_ID",
                            "value": "projects/378762893981/secrets/moov-438615-europe-west1-googlemaps-api-key/versions/2",
                            "value_from": []
                          }
                        ],
                        "env_from": [],
                        "image": "europe-west1-docker.pkg.dev/moov-438615/prod-docker-repository/moov-438615:backend-v0.0.4-9-g341f739",
                        "liveness_probe": [],
                        "name": "",
                        "ports": [
                          {
                            "container_port": 8080,
                            "name": "http1",
                            "protocol": ""
                          }
                        ],
                        "resources": [
                          {
                            "limits": {
                              "cpu": "1000m",
                              "memory": "512Mi"
                            },
                            "requests": {}
                          }
                        ],
                        "startup_probe": [
                          {
                            "failure_threshold": 1,
                            "grpc": [],
                            "http_get": [],
                            "initial_delay_seconds": 0,
                            "period_seconds": 240,
                            "tcp_socket": [
                              {
                                "port": 8080
                              }
                            ],
                            "timeout_seconds": 240
                          }
                        ],
                        "volume_mounts": [],
                        "working_dir": ""
                      }
                    ],
                    "service_account_name": "production-application-backend@moov-438615.iam.gserviceaccount.com",
                    "serving_state": "",
                    "timeout_seconds": 300,
                    "volumes": []
                  }
                ]
              }
            ],
            "timeouts": null,
            "traffic": [
              {
                "latest_revision": true,
                "percent": 100,
                "revision_name": "",
                "tag": "",
                "url": ""
              }
            ]
          },
          "sensitive_attributes": [],
          "private": "eyJlMmJmYjczMC1lY2FhLTExZTYtOGY4OC0zNDM2M2JjN2M0YzAiOnsiY3JlYXRlIjoxMjAwMDAwMDAwMDAwLCJkZWxldGUiOjEyMDAwMDAwMDAwMDAsInVwZGF0ZSI6MTIwMDAwMDAwMDAwMH0sInNjaGVtYV92ZXJzaW9uIjoiMiJ9",
          "dependencies": [
            "module.gcloud.data.google_firebase_web_app_config.web_app_config",
            "module.gcloud.google_apikeys_key.web_google_maps_api_key",
            "module.gcloud.google_firebase_project.moov",
            "module.gcloud.google_firebase_web_app.web_app",
            "module.gcloud.google_project_service.application_backend_services",
            "module.gcloud.google_project_service.google_maps_services",
            "module.gcloud.google_project_service.google_services_firebase",
            "module.gcloud.google_secret_manager_secret.firebase_admin_service_account_secret",
            "module.gcloud.google_secret_manager_secret.firebase_config",
            "module.gcloud.google_secret_manager_secret.web_google_maps_api_key",
            "module.gcloud.google_secret_manager_secret_version.firebase_admin_secret_version",
            "module.gcloud.google_secret_manager_secret_version.firebase_config_version",
            "module.gcloud.google_secret_manager_secret_version.web_google_maps_api_key_version",
            "module.gcloud.google_service_account.application_backend_cloud_run_sa",
            "module.gcloud.google_service_account.firebase_admin_service_account",
            "module.gcloud.google_service_account_key.firebase_admin_service_account_key"
          ]
        }
      ]
    },
    {
      "module": "module.gcloud",
      "mode": "managed",
      "type": "google_cloud_run_service_iam_member",
      "name": "allow_unauthenticated",
      "provider": "provider[\"registry.terraform.io/hashicorp/google\"]",
      "instances": [
        {
          "schema_version": 0,
          "attributes": {
            "condition": [],
            "etag": "BwYklTFUf8w=",
            "id": "v1/projects/moov-438615/locations/europe-west1/services/prod-moov-438615-europe-west1-application-backend/roles/run.invoker/allUsers",
            "location": "europe-west1",
            "member": "allUsers",
            "project": "moov-438615",
            "role": "roles/run.invoker",
            "service": "v1/projects/moov-438615/locations/europe-west1/services/prod-moov-438615-europe-west1-application-backend"
          },
          "sensitive_attributes": [],
          "private": "bnVsbA==",
          "dependencies": [
            "module.gcloud.data.google_firebase_web_app_config.web_app_config",
            "module.gcloud.google_apikeys_key.web_google_maps_api_key",
            "module.gcloud.google_cloud_run_service.application_backend",
            "module.gcloud.google_firebase_project.moov",
            "module.gcloud.google_firebase_web_app.web_app",
            "module.gcloud.google_project_service.application_backend_services",
            "module.gcloud.google_project_service.google_maps_services",
            "module.gcloud.google_project_service.google_services_firebase",
            "module.gcloud.google_secret_manager_secret.firebase_admin_service_account_secret",
            "module.gcloud.google_secret_manager_secret.firebase_config",
            "module.gcloud.google_secret_manager_secret.web_google_maps_api_key",
            "module.gcloud.google_secret_manager_secret_version.firebase_admin_secret_version",
            "module.gcloud.google_secret_manager_secret_version.firebase_config_version",
            "module.gcloud.google_secret_manager_secret_version.web_google_maps_api_key_version",
            "module.gcloud.google_service_account.application_backend_cloud_run_sa",
            "module.gcloud.google_service_account.firebase_admin_service_account",
            "module.gcloud.google_service_account_key.firebase_admin_service_account_key"
          ]
        }
      ]
    },
    {
      "module": "module.gcloud",
      "mode": "managed",
      "type": "google_cloudfunctions_function",
      "name": "auth_before_create",
      "provider": "provider[\"registry.terraform.io/hashicorp/google\"]",
      "instances": [
        {
          "schema_version": 0,
          "attributes": {
            "available_memory_mb": 256,
            "build_environment_variables": null,
            "build_service_account": "projects/moov-438615/serviceAccounts/378762893981-compute@developer.gserviceaccount.com",
            "build_worker_pool": "",
            "description": "OIDC callback create user",
            "docker_registry": "ARTIFACT_REGISTRY",
            "docker_repository": "",
            "effective_labels": {
              "goog-terraform-provisioned": "true"
            },
            "entry_point": "beforeCreate",
            "environment_variables": {},
            "event_trigger": [],
            "https_trigger_security_level": "SECURE_OPTIONAL",
            "https_trigger_url": "https://europe-west1-moov-438615.cloudfunctions.net/moov-438615-europe-west1-identity-platform-before-create",
            "id": "projects/moov-438615/locations/europe-west1/functions/moov-438615-europe-west1-identity-platform-before-create",
            "ingress_settings": "ALLOW_ALL",
            "kms_key_name": "",
            "labels": {},
            "max_instances": 0,
            "min_instances": 0,
            "name": "moov-438615-europe-west1-identity-platform-before-create",
            "project": "moov-438615",
            "region": "europe-west1",
            "runtime": "nodejs22",
            "secret_environment_variables": [],
            "secret_volumes": [],
            "service_account_email": "moov-438615@appspot.gserviceaccount.com",
            "source_archive_bucket": "prod-moov-438615-europe-west1-gcf-source",
            "source_archive_object": "moov-438615-europe-west1-identity-platform-auth-function-source.zip",
            "source_repository": [],
            "status": "ACTIVE",
            "terraform_labels": {
              "goog-terraform-provisioned": "true"
            },
            "timeout": 60,
            "timeouts": null,
            "trigger_http": true,
            "version_id": "1",
            "vpc_connector": "",
            "vpc_connector_egress_settings": ""
          },
          "sensitive_attributes": [],
          "private": "eyJlMmJmYjczMC1lY2FhLTExZTYtOGY4OC0zNDM2M2JjN2M0YzAiOnsiY3JlYXRlIjozMDAwMDAwMDAwMDAsImRlbGV0ZSI6MzAwMDAwMDAwMDAwLCJyZWFkIjozMDAwMDAwMDAwMDAsInVwZGF0ZSI6MzAwMDAwMDAwMDAwfX0=",
          "dependencies": [
            "module.gcloud.data.archive_file.auth_func_src",
            "module.gcloud.google_storage_bucket.bucket_gcf_source",
            "module.gcloud.google_storage_bucket_object.auth"
          ]
        }
      ]
    },
    {
      "module": "module.gcloud",
      "mode": "managed",
      "type": "google_cloudfunctions_function",
      "name": "auth_before_sign_in",
      "provider": "provider[\"registry.terraform.io/hashicorp/google\"]",
      "instances": [
        {
          "schema_version": 0,
          "attributes": {
            "available_memory_mb": 256,
            "build_environment_variables": null,
            "build_service_account": "projects/moov-438615/serviceAccounts/378762893981-compute@developer.gserviceaccount.com",
            "build_worker_pool": "",
            "description": "OIDC callback before sign in",
            "docker_registry": "ARTIFACT_REGISTRY",
            "docker_repository": "",
            "effective_labels": {
              "goog-terraform-provisioned": "true"
            },
            "entry_point": "IDPbeforeSignIn",
            "environment_variables": {},
            "event_trigger": [],
            "https_trigger_security_level": "SECURE_OPTIONAL",
            "https_trigger_url": "https://europe-west1-moov-438615.cloudfunctions.net/moov-438615-europe-west1-identity-platform-before-signin",
            "id": "projects/moov-438615/locations/europe-west1/functions/moov-438615-europe-west1-identity-platform-before-signin",
            "ingress_settings": "ALLOW_ALL",
            "kms_key_name": "",
            "labels": {},
            "max_instances": 0,
            "min_instances": 0,
            "name": "moov-438615-europe-west1-identity-platform-before-signin",
            "project": "moov-438615",
            "region": "europe-west1",
            "runtime": "go122",
            "secret_environment_variables": [],
            "secret_volumes": [],
            "service_account_email": "moov-438615@appspot.gserviceaccount.com",
            "source_archive_bucket": "prod-moov-438615-europe-west1-gcf-source",
            "source_archive_object": "moov-438615-europe-west1-identity-platform-auth-function-source.zip",
            "source_repository": [],
            "status": "ACTIVE",
            "terraform_labels": {
              "goog-terraform-provisioned": "true"
            },
            "timeout": 60,
            "timeouts": null,
            "trigger_http": true,
            "version_id": "1",
            "vpc_connector": "",
            "vpc_connector_egress_settings": ""
          },
          "sensitive_attributes": [],
          "private": "eyJlMmJmYjczMC1lY2FhLTExZTYtOGY4OC0zNDM2M2JjN2M0YzAiOnsiY3JlYXRlIjozMDAwMDAwMDAwMDAsImRlbGV0ZSI6MzAwMDAwMDAwMDAwLCJyZWFkIjozMDAwMDAwMDAwMDAsInVwZGF0ZSI6MzAwMDAwMDAwMDAwfX0=",
          "dependencies": [
            "module.gcloud.data.archive_file.auth_func_src",
            "module.gcloud.google_storage_bucket.bucket_gcf_source",
            "module.gcloud.google_storage_bucket_object.auth"
          ]
        }
      ]
    },
    {
      "module": "module.gcloud",
      "mode": "managed",
      "type": "google_cloudfunctions_function_iam_member",
      "name": "auth_before_create",
      "provider": "provider[\"registry.terraform.io/hashicorp/google\"]",
      "instances": [
        {
          "schema_version": 0,
          "attributes": {
            "cloud_function": "projects/moov-438615/locations/europe-west1/functions/moov-438615-europe-west1-identity-platform-before-create",
            "condition": [],
            "etag": "BwYkl0hK+C4=",
            "id": "projects/moov-438615/locations/europe-west1/functions/moov-438615-europe-west1-identity-platform-before-create/roles/cloudfunctions.invoker/allUsers",
            "member": "allUsers",
            "project": "moov-438615",
            "region": "europe-west1",
            "role": "roles/cloudfunctions.invoker"
          },
          "sensitive_attributes": [],
          "private": "bnVsbA==",
          "dependencies": [
            "module.gcloud.data.archive_file.auth_func_src",
            "module.gcloud.google_cloudfunctions_function.auth_before_create",
            "module.gcloud.google_storage_bucket.bucket_gcf_source",
            "module.gcloud.google_storage_bucket_object.auth"
          ]
        }
      ]
    },
    {
      "module": "module.gcloud",
      "mode": "managed",
      "type": "google_cloudfunctions_function_iam_member",
      "name": "auth_before_sign_in",
      "provider": "provider[\"registry.terraform.io/hashicorp/google\"]",
      "instances": [
        {
          "schema_version": 0,
          "attributes": {
            "cloud_function": "projects/moov-438615/locations/europe-west1/functions/moov-438615-europe-west1-identity-platform-before-signin",
            "condition": [],
            "etag": "BwYklzqSGZM=",
            "id": "projects/moov-438615/locations/europe-west1/functions/moov-438615-europe-west1-identity-platform-before-signin/roles/cloudfunctions.invoker/allUsers",
            "member": "allUsers",
            "project": "moov-438615",
            "region": "europe-west1",
            "role": "roles/cloudfunctions.invoker"
          },
          "sensitive_attributes": [],
          "private": "bnVsbA==",
          "dependencies": [
            "module.gcloud.data.archive_file.auth_func_src",
            "module.gcloud.google_cloudfunctions_function.auth_before_sign_in",
            "module.gcloud.google_storage_bucket.bucket_gcf_source",
            "module.gcloud.google_storage_bucket_object.auth"
          ]
        }
      ]
    },
    {
      "module": "module.gcloud",
      "mode": "managed",
      "type": "google_firebase_android_app",
      "name": "android_app",
      "provider": "provider[\"registry.terraform.io/hashicorp/google-beta\"]",
      "instances": [
        {
          "schema_version": 0,
          "attributes": {
            "api_key_id": "d901a266-4a8e-4c1b-9f80-106912e0018a",
            "app_id": "1:378762893981:android:747f32fead20a3932b9274",
            "deletion_policy": "DELETE",
            "display_name": "Utrade Android app (prod)",
            "etag": "1_384d3676-b324-42d6-bed6-125afbcfb18b",
            "id": "projects/moov-438615/androidApps/1:378762893981:android:747f32fead20a3932b9274",
            "name": "projects/moov-438615/androidApps/1:378762893981:android:747f32fead20a3932b9274",
            "package_name": "prod.mobile.app.android",
            "project": "moov-438615",
            "sha1_hashes": [],
            "sha256_hashes": [],
            "timeouts": null
          },
          "sensitive_attributes": [],
          "private": "eyJlMmJmYjczMC1lY2FhLTExZTYtOGY4OC0zNDM2M2JjN2M0YzAiOnsiY3JlYXRlIjoxMjAwMDAwMDAwMDAwLCJkZWxldGUiOjEyMDAwMDAwMDAwMDAsInVwZGF0ZSI6MTIwMDAwMDAwMDAwMH0sInNjaGVtYV92ZXJzaW9uIjoiMCJ9",
          "dependencies": [
            "module.gcloud.google_firebase_project.moov",
            "module.gcloud.google_project_service.google_services_firebase"
          ]
        }
      ]
    },
    {
      "module": "module.gcloud",
      "mode": "managed",
      "type": "google_firebase_apple_app",
      "name": "ios_app",
      "provider": "provider[\"registry.terraform.io/hashicorp/google-beta\"]",
      "instances": [
        {
          "schema_version": 0,
          "attributes": {
            "api_key_id": "6d68f630-e254-478c-b9e0-5376aa31c6f7",
            "app_id": "1:378762893981:ios:1a24632d682b72e22b9274",
            "app_store_id": "",
            "bundle_id": "prod.mobile.app.apple",
            "deletion_policy": "DELETE",
            "display_name": "Utrade Apple app (prod)",
            "id": "projects/moov-438615/iosApps/1:378762893981:ios:1a24632d682b72e22b9274",
            "name": "projects/moov-438615/iosApps/1:378762893981:ios:1a24632d682b72e22b9274",
            "project": "moov-438615",
            "team_id": "",
            "timeouts": null
          },
          "sensitive_attributes": [],
          "private": "eyJlMmJmYjczMC1lY2FhLTExZTYtOGY4OC0zNDM2M2JjN2M0YzAiOnsiY3JlYXRlIjoxMjAwMDAwMDAwMDAwLCJkZWxldGUiOjEyMDAwMDAwMDAwMDAsInVwZGF0ZSI6MTIwMDAwMDAwMDAwMH0sInNjaGVtYV92ZXJzaW9uIjoiMCJ9",
          "dependencies": [
            "module.gcloud.google_firebase_project.moov",
            "module.gcloud.google_project_service.google_services_firebase"
          ]
        }
      ]
    },
    {
      "module": "module.gcloud",
      "mode": "managed",
      "type": "google_firebase_database_instance",
      "name": "moov",
      "provider": "provider[\"registry.terraform.io/hashicorp/google-beta\"]",
      "instances": [
        {
          "schema_version": 0,
          "attributes": {
            "database_url": "https://prod-moov-438615-rtdb.europe-west1.firebasedatabase.app",
            "desired_state": "ACTIVE",
            "id": "projects/moov-438615/locations/europe-west1/instances/prod-moov-438615-rtdb",
            "instance_id": "prod-moov-438615-rtdb",
            "name": "projects/378762893981/locations/europe-west1/instances/prod-moov-438615-rtdb",
            "project": "moov-438615",
            "region": "europe-west1",
            "state": "ACTIVE",
            "timeouts": null,
            "type": "USER_DATABASE"
          },
          "sensitive_attributes": [],
          "private": "eyJlMmJmYjczMC1lY2FhLTExZTYtOGY4OC0zNDM2M2JjN2M0YzAiOnsiY3JlYXRlIjoxMjAwMDAwMDAwMDAwLCJkZWxldGUiOjEyMDAwMDAwMDAwMDAsInVwZGF0ZSI6MTIwMDAwMDAwMDAwMH0sInNjaGVtYV92ZXJzaW9uIjoiMCJ9",
          "dependencies": [
            "module.gcloud.google_firebase_project.moov",
            "module.gcloud.google_project_service.google_services_firebase"
          ]
        }
      ]
    },
    {
      "module": "module.gcloud",
      "mode": "managed",
      "type": "google_firebase_project",
      "name": "moov",
      "provider": "provider[\"registry.terraform.io/hashicorp/google-beta\"]",
      "instances": [
        {
          "schema_version": 0,
          "attributes": {
            "display_name": "moov",
            "id": "projects/moov-438615",
            "project": "moov-438615",
            "project_number": "378762893981",
            "timeouts": null
          },
          "sensitive_attributes": [],
          "private": "eyJlMmJmYjczMC1lY2FhLTExZTYtOGY4OC0zNDM2M2JjN2M0YzAiOnsiY3JlYXRlIjoxMjAwMDAwMDAwMDAwLCJkZWxldGUiOjEyMDAwMDAwMDAwMDB9fQ==",
          "dependencies": [
            "module.gcloud.google_project_service.google_services_firebase"
          ]
        }
      ]
    },
    {
      "module": "module.gcloud",
      "mode": "managed",
      "type": "google_firebase_web_app",
      "name": "web_app",
      "provider": "provider[\"registry.terraform.io/hashicorp/google-beta\"]",
      "instances": [
        {
          "schema_version": 0,
          "attributes": {
            "api_key_id": "250eea63-830c-4864-a25e-2402443002be",
            "app_id": "1:378762893981:web:73b58a95437cb8ad2b9274",
            "app_urls": [],
            "deletion_policy": "DELETE",
            "display_name": "Utrade Web app (prod)",
            "id": "projects/moov-438615/webApps/1:378762893981:web:73b58a95437cb8ad2b9274",
            "name": "projects/moov-438615/webApps/1:378762893981:web:73b58a95437cb8ad2b9274",
            "project": "moov-438615",
            "timeouts": null
          },
          "sensitive_attributes": [],
          "private": "eyJlMmJmYjczMC1lY2FhLTExZTYtOGY4OC0zNDM2M2JjN2M0YzAiOnsiY3JlYXRlIjoxMjAwMDAwMDAwMDAwLCJkZWxldGUiOjEyMDAwMDAwMDAwMDAsInVwZGF0ZSI6MTIwMDAwMDAwMDAwMH19",
          "dependencies": [
            "module.gcloud.google_firebase_project.moov",
            "module.gcloud.google_project_service.google_services_firebase"
          ]
        }
      ]
    },
    {
      "module": "module.gcloud",
      "mode": "managed",
      "type": "google_identity_platform_config",
      "name": "moov",
      "provider": "provider[\"registry.terraform.io/hashicorp/google\"]",
      "instances": [
        {
          "schema_version": 0,
          "attributes": {
            "authorized_domains": [
              "localhost",
              "moov-438615.firebaseapp.com",
              "moov-438615.web.app"
            ],
            "autodelete_anonymous_users": true,
            "blocking_functions": [
              {
                "forward_inbound_credentials": [
                  {
                    "access_token": true,
                    "id_token": true,
                    "refresh_token": true
                  }
                ],
                "triggers": [
                  {
                    "event_type": "beforeCreate",
                    "function_uri": "https://europe-west1-moov-438615.cloudfunctions.net/moov-438615-europe-west1-identity-platform-before-create",
                    "update_time": "2024-10-16T12:35:33.917Z"
                  },
                  {
                    "event_type": "beforeSignIn",
                    "function_uri": "https://europe-west1-moov-438615.cloudfunctions.net/moov-438615-europe-west1-identity-platform-before-signin",
                    "update_time": "2024-10-16T12:35:33.917Z"
                  }
                ]
              }
            ],
            "client": [
              {
                "api_key": "AIzaSyBj32YZAbxAdoU5vv2Bh16CVomIPMQ4lmQ",
                "firebase_subdomain": "moov-438615",
                "permissions": [
                  {
                    "disabled_user_deletion": false,
                    "disabled_user_signup": false
                  }
                ]
              }
            ],
            "id": "projects/moov-438615/config",
            "mfa": [
              {
                "enabled_providers": [],
                "provider_configs": [],
                "state": "DISABLED"
              }
            ],
            "monitoring": [
              {
                "request_logging": [
                  {
                    "enabled": false
                  }
                ]
              }
            ],
            "multi_tenant": [],
            "name": "projects/378762893981/config",
            "project": "moov-438615",
            "quota": [
              {
                "sign_up_quota_config": [
                  {
                    "quota": 1000,
                    "quota_duration": "7200s",
                    "start_time": "2024-10-16T12:35:35Z"
                  }
                ]
              }
            ],
            "sign_in": [
              {
                "allow_duplicate_emails": true,
                "anonymous": [
                  {
                    "enabled": true
                  }
                ],
                "email": [
                  {
                    "enabled": true,
                    "password_required": false
                  }
                ],
                "hash_config": [
                  {
                    "algorithm": "SCRYPT",
                    "memory_cost": 14,
                    "rounds": 8,
                    "salt_separator": "Bw==",
                    "signer_key": "/YAag9Q4H40LkCoQ87fKYxEDldWxd9i7YrTHhklAPnZLlKq/duyLhr4igETAabs5ydC7Ppk8O35yWbhBKKD1fQ=="
                  }
                ],
                "phone_number": [
                  {
                    "enabled": true,
                    "test_phone_numbers": {
                      "+11231231234": "000000"
                    }
                  }
                ]
              }
            ],
            "sms_region_config": [
              {
                "allow_by_default": [],
                "allowlist_only": [
                  {
                    "allowed_regions": [
                      "US",
                      "CA"
                    ]
                  }
                ]
              }
            ],
            "timeouts": null
          },
          "sensitive_attributes": [
            [
              {
                "type": "get_attr",
                "value": "client"
              },
              {
                "type": "index",
                "value": {
                  "value": 0,
                  "type": "number"
                }
              },
              {
                "type": "get_attr",
                "value": "api_key"
              }
            ]
          ],
          "private": "eyJlMmJmYjczMC1lY2FhLTExZTYtOGY4OC0zNDM2M2JjN2M0YzAiOnsiY3JlYXRlIjoxMjAwMDAwMDAwMDAwLCJkZWxldGUiOjEyMDAwMDAwMDAwMDAsInVwZGF0ZSI6MTIwMDAwMDAwMDAwMH19",
          "dependencies": [
            "module.gcloud.data.archive_file.auth_func_src",
            "module.gcloud.google_cloudfunctions_function.auth_before_create",
            "module.gcloud.google_cloudfunctions_function.auth_before_sign_in",
            "module.gcloud.google_project_service.google_idp_services",
            "module.gcloud.google_storage_bucket.bucket_gcf_source",
            "module.gcloud.google_storage_bucket_object.auth"
          ]
        }
      ]
    },
    {
      "module": "module.gcloud",
      "mode": "managed",
      "type": "google_project_iam_custom_role",
      "name": "limited_service_user",
      "provider": "provider[\"registry.terraform.io/hashicorp/google\"]",
      "instances": [
        {
          "schema_version": 0,
          "attributes": {
            "deleted": false,
            "description": "Can use specific service account and nothing else",
            "id": "projects/moov-438615/roles/limitedServiceUser",
            "name": "projects/moov-438615/roles/limitedServiceUser",
            "permissions": [
              "iam.serviceAccounts.actAs"
            ],
            "project": "moov-438615",
            "role_id": "limitedServiceUser",
            "stage": "GA",
            "title": "Limited Service User"
          },
          "sensitive_attributes": [],
          "private": "bnVsbA=="
        }
      ]
    },
    {
      "module": "module.gcloud",
      "mode": "managed",
      "type": "google_project_iam_member",
      "name": "firebase_admin_service_agent",
      "provider": "provider[\"registry.terraform.io/hashicorp/google\"]",
      "instances": [
        {
          "schema_version": 0,
          "attributes": {
            "condition": [],
            "etag": "BwYkhzN5TUM=",
            "id": "moov-438615/roles/firebase.sdkAdminServiceAgent/serviceAccount:prod-firebase-admin-sa@moov-438615.iam.gserviceaccount.com",
            "member": "serviceAccount:prod-firebase-admin-sa@moov-438615.iam.gserviceaccount.com",
            "project": "moov-438615",
            "role": "roles/firebase.sdkAdminServiceAgent"
          },
          "sensitive_attributes": [],
          "private": "bnVsbA==",
          "dependencies": [
            "module.gcloud.google_service_account.firebase_admin_service_account"
          ]
        }
      ]
    },
    {
      "module": "module.gcloud",
      "mode": "managed",
      "type": "google_project_iam_member",
      "name": "firebase_token_creator",
      "provider": "provider[\"registry.terraform.io/hashicorp/google\"]",
      "instances": [
        {
          "schema_version": 0,
          "attributes": {
            "condition": [],
            "etag": "BwYkhzN5TUM=",
            "id": "moov-438615/roles/iam.serviceAccountTokenCreator/serviceAccount:prod-firebase-admin-sa@moov-438615.iam.gserviceaccount.com",
            "member": "serviceAccount:prod-firebase-admin-sa@moov-438615.iam.gserviceaccount.com",
            "project": "moov-438615",
            "role": "roles/iam.serviceAccountTokenCreator"
          },
          "sensitive_attributes": [],
          "private": "bnVsbA==",
          "dependencies": [
            "module.gcloud.google_service_account.firebase_admin_service_account"
          ]
        }
      ]
    },
    {
      "module": "module.gcloud",
      "mode": "managed",
      "type": "google_project_service",
      "name": "application_backend_services",
      "provider": "module.gcloud.provider[\"registry.terraform.io/hashicorp/google-beta\"].no_user_project_override",
      "instances": [
        {
          "index_key": "run.googleapis.com",
          "schema_version": 0,
          "attributes": {
            "check_if_service_has_usage_on_destroy": false,
            "disable_dependent_services": true,
            "disable_on_destroy": false,
            "id": "moov-438615/run.googleapis.com",
            "project": "moov-438615",
            "service": "run.googleapis.com",
            "timeouts": null
          },
          "sensitive_attributes": [],
          "private": "eyJlMmJmYjczMC1lY2FhLTExZTYtOGY4OC0zNDM2M2JjN2M0YzAiOnsiY3JlYXRlIjoxMjAwMDAwMDAwMDAwLCJkZWxldGUiOjEyMDAwMDAwMDAwMDAsInJlYWQiOjYwMDAwMDAwMDAwMCwidXBkYXRlIjoxMjAwMDAwMDAwMDAwfX0="
        }
      ]
    },
    {
      "module": "module.gcloud",
      "mode": "managed",
      "type": "google_project_service",
      "name": "google_idp_services",
      "provider": "module.gcloud.provider[\"registry.terraform.io/hashicorp/google-beta\"].no_user_project_override",
      "instances": [
        {
          "index_key": "identitytoolkit.googleapis.com",
          "schema_version": 0,
          "attributes": {
            "check_if_service_has_usage_on_destroy": false,
            "disable_dependent_services": true,
            "disable_on_destroy": false,
            "id": "moov-438615/identitytoolkit.googleapis.com",
            "project": "moov-438615",
            "service": "identitytoolkit.googleapis.com",
            "timeouts": null
          },
          "sensitive_attributes": [],
          "private": "eyJlMmJmYjczMC1lY2FhLTExZTYtOGY4OC0zNDM2M2JjN2M0YzAiOnsiY3JlYXRlIjoxMjAwMDAwMDAwMDAwLCJkZWxldGUiOjEyMDAwMDAwMDAwMDAsInJlYWQiOjYwMDAwMDAwMDAwMCwidXBkYXRlIjoxMjAwMDAwMDAwMDAwfX0="
        }
      ]
    },
    {
      "module": "module.gcloud",
      "mode": "managed",
      "type": "google_project_service",
      "name": "google_maps_services",
      "provider": "module.gcloud.provider[\"registry.terraform.io/hashicorp/google-beta\"].no_user_project_override",
      "instances": [
        {
          "index_key": "apikeys.googleapis.com",
          "schema_version": 0,
          "attributes": {
            "check_if_service_has_usage_on_destroy": false,
            "disable_dependent_services": true,
            "disable_on_destroy": false,
            "id": "moov-438615/apikeys.googleapis.com",
            "project": "moov-438615",
            "service": "apikeys.googleapis.com",
            "timeouts": null
          },
          "sensitive_attributes": [],
          "private": "eyJlMmJmYjczMC1lY2FhLTExZTYtOGY4OC0zNDM2M2JjN2M0YzAiOnsiY3JlYXRlIjoxMjAwMDAwMDAwMDAwLCJkZWxldGUiOjEyMDAwMDAwMDAwMDAsInJlYWQiOjYwMDAwMDAwMDAwMCwidXBkYXRlIjoxMjAwMDAwMDAwMDAwfX0="
        }
      ]
    },
    {
      "module": "module.gcloud",
      "mode": "managed",
      "type": "google_project_service",
      "name": "google_services_firebase",
      "provider": "module.gcloud.provider[\"registry.terraform.io/hashicorp/google-beta\"].no_user_project_override",
      "instances": [
        {
          "index_key": "firebase.googleapis.com",
          "schema_version": 0,
          "attributes": {
            "check_if_service_has_usage_on_destroy": false,
            "disable_dependent_services": true,
            "disable_on_destroy": false,
            "id": "moov-438615/firebase.googleapis.com",
            "project": "moov-438615",
            "service": "firebase.googleapis.com",
            "timeouts": null
          },
          "sensitive_attributes": [],
          "private": "eyJlMmJmYjczMC1lY2FhLTExZTYtOGY4OC0zNDM2M2JjN2M0YzAiOnsiY3JlYXRlIjoxMjAwMDAwMDAwMDAwLCJkZWxldGUiOjEyMDAwMDAwMDAwMDAsInJlYWQiOjYwMDAwMDAwMDAwMCwidXBkYXRlIjoxMjAwMDAwMDAwMDAwfX0="
        },
        {
          "index_key": "firebasedatabase.googleapis.com",
          "schema_version": 0,
          "attributes": {
            "check_if_service_has_usage_on_destroy": false,
            "disable_dependent_services": true,
            "disable_on_destroy": false,
            "id": "moov-438615/firebasedatabase.googleapis.com",
            "project": "moov-438615",
            "service": "firebasedatabase.googleapis.com",
            "timeouts": null
          },
          "sensitive_attributes": [],
          "private": "eyJlMmJmYjczMC1lY2FhLTExZTYtOGY4OC0zNDM2M2JjN2M0YzAiOnsiY3JlYXRlIjoxMjAwMDAwMDAwMDAwLCJkZWxldGUiOjEyMDAwMDAwMDAwMDAsInJlYWQiOjYwMDAwMDAwMDAwMCwidXBkYXRlIjoxMjAwMDAwMDAwMDAwfX0="
        },
        {
          "index_key": "firestore.googleapis.com",
          "schema_version": 0,
          "attributes": {
            "check_if_service_has_usage_on_destroy": false,
            "disable_dependent_services": true,
            "disable_on_destroy": false,
            "id": "moov-438615/firestore.googleapis.com",
            "project": "moov-438615",
            "service": "firestore.googleapis.com",
            "timeouts": null
          },
          "sensitive_attributes": [],
          "private": "eyJlMmJmYjczMC1lY2FhLTExZTYtOGY4OC0zNDM2M2JjN2M0YzAiOnsiY3JlYXRlIjoxMjAwMDAwMDAwMDAwLCJkZWxldGUiOjEyMDAwMDAwMDAwMDAsInJlYWQiOjYwMDAwMDAwMDAwMCwidXBkYXRlIjoxMjAwMDAwMDAwMDAwfX0="
        }
      ]
    },
    {
      "module": "module.gcloud",
      "mode": "managed",
      "type": "google_project_service",
      "name": "google_services_maps",
      "provider": "module.gcloud.provider[\"registry.terraform.io/hashicorp/google-beta\"].no_user_project_override",
      "instances": [
        {
          "index_key": "directions-backend.googleapis.com",
          "schema_version": 0,
          "attributes": {
            "check_if_service_has_usage_on_destroy": false,
            "disable_dependent_services": true,
            "disable_on_destroy": false,
            "id": "moov-438615/directions-backend.googleapis.com",
            "project": "moov-438615",
            "service": "directions-backend.googleapis.com",
            "timeouts": null
          },
          "sensitive_attributes": [],
          "private": "eyJlMmJmYjczMC1lY2FhLTExZTYtOGY4OC0zNDM2M2JjN2M0YzAiOnsiY3JlYXRlIjoxMjAwMDAwMDAwMDAwLCJkZWxldGUiOjEyMDAwMDAwMDAwMDAsInJlYWQiOjYwMDAwMDAwMDAwMCwidXBkYXRlIjoxMjAwMDAwMDAwMDAwfX0="
        },
        {
          "index_key": "geocoding-backend.googleapis.com",
          "schema_version": 0,
          "attributes": {
            "check_if_service_has_usage_on_destroy": false,
            "disable_dependent_services": true,
            "disable_on_destroy": false,
            "id": "moov-438615/geocoding-backend.googleapis.com",
            "project": "moov-438615",
            "service": "geocoding-backend.googleapis.com",
            "timeouts": null
          },
          "sensitive_attributes": [],
          "private": "eyJlMmJmYjczMC1lY2FhLTExZTYtOGY4OC0zNDM2M2JjN2M0YzAiOnsiY3JlYXRlIjoxMjAwMDAwMDAwMDAwLCJkZWxldGUiOjEyMDAwMDAwMDAwMDAsInJlYWQiOjYwMDAwMDAwMDAwMCwidXBkYXRlIjoxMjAwMDAwMDAwMDAwfX0="
        },
        {
          "index_key": "maps-backend.googleapis.com",
          "schema_version": 0,
          "attributes": {
            "check_if_service_has_usage_on_destroy": false,
            "disable_dependent_services": true,
            "disable_on_destroy": false,
            "id": "moov-438615/maps-backend.googleapis.com",
            "project": "moov-438615",
            "service": "maps-backend.googleapis.com",
            "timeouts": null
          },
          "sensitive_attributes": [],
          "private": "eyJlMmJmYjczMC1lY2FhLTExZTYtOGY4OC0zNDM2M2JjN2M0YzAiOnsiY3JlYXRlIjoxMjAwMDAwMDAwMDAwLCJkZWxldGUiOjEyMDAwMDAwMDAwMDAsInJlYWQiOjYwMDAwMDAwMDAwMCwidXBkYXRlIjoxMjAwMDAwMDAwMDAwfX0="
        },
        {
          "index_key": "maps-ios-backend.googleapis.com",
          "schema_version": 0,
          "attributes": {
            "check_if_service_has_usage_on_destroy": false,
            "disable_dependent_services": true,
            "disable_on_destroy": false,
            "id": "moov-438615/maps-ios-backend.googleapis.com",
            "project": "moov-438615",
            "service": "maps-ios-backend.googleapis.com",
            "timeouts": null
          },
          "sensitive_attributes": [],
          "private": "eyJlMmJmYjczMC1lY2FhLTExZTYtOGY4OC0zNDM2M2JjN2M0YzAiOnsiY3JlYXRlIjoxMjAwMDAwMDAwMDAwLCJkZWxldGUiOjEyMDAwMDAwMDAwMDAsInJlYWQiOjYwMDAwMDAwMDAwMCwidXBkYXRlIjoxMjAwMDAwMDAwMDAwfX0="
        }
      ]
    },
    {
      "module": "module.gcloud",
      "mode": "managed",
      "type": "google_secret_manager_secret",
      "name": "firebase_admin_service_account_secret",
      "provider": "provider[\"registry.terraform.io/hashicorp/google\"]",
      "instances": [
        {
          "schema_version": 0,
          "attributes": {
            "annotations": {},
            "create_time": "2024-10-15T17:22:34.438897Z",
            "effective_annotations": {},
            "effective_labels": {
              "environment": "production",
              "goog-terraform-provisioned": "true"
            },
            "expire_time": "",
            "id": "projects/moov-438615/secrets/prod-firebase-adminsdk-service-account-key",
            "labels": {
              "environment": "production"
            },
            "name": "projects/378762893981/secrets/prod-firebase-adminsdk-service-account-key",
            "project": "moov-438615",
            "replication": [
              {
                "auto": [
                  {
                    "customer_managed_encryption": []
                  }
                ],
                "user_managed": []
              }
            ],
            "rotation": [],
            "secret_id": "prod-firebase-adminsdk-service-account-key",
            "terraform_labels": {
              "environment": "production",
              "goog-terraform-provisioned": "true"
            },
            "timeouts": null,
            "topics": [],
            "ttl": null,
            "version_aliases": {},
            "version_destroy_ttl": ""
          },
          "sensitive_attributes": [],
          "private": "eyJlMmJmYjczMC1lY2FhLTExZTYtOGY4OC0zNDM2M2JjN2M0YzAiOnsiY3JlYXRlIjoxMjAwMDAwMDAwMDAwLCJkZWxldGUiOjEyMDAwMDAwMDAwMDAsInVwZGF0ZSI6MTIwMDAwMDAwMDAwMH19"
        }
      ]
    },
    {
      "module": "module.gcloud",
      "mode": "managed",
      "type": "google_secret_manager_secret",
      "name": "firebase_config",
      "provider": "provider[\"registry.terraform.io/hashicorp/google\"]",
      "instances": [
        {
          "schema_version": 0,
          "attributes": {
            "annotations": {},
            "create_time": "2024-10-14T18:08:57.820336Z",
            "effective_annotations": {},
            "effective_labels": {
              "goog-terraform-provisioned": "true"
            },
            "expire_time": "",
            "id": "projects/378762893981/secrets/prod-firebase-config-secret",
            "labels": {},
            "name": "projects/378762893981/secrets/prod-firebase-config-secret",
            "project": "378762893981",
            "replication": [
              {
                "auto": [
                  {
                    "customer_managed_encryption": []
                  }
                ],
                "user_managed": []
              }
            ],
            "rotation": [],
            "secret_id": "prod-firebase-config-secret",
            "terraform_labels": {
              "goog-terraform-provisioned": "true"
            },
            "timeouts": null,
            "topics": [],
            "ttl": null,
            "version_aliases": {},
            "version_destroy_ttl": ""
          },
          "sensitive_attributes": [],
          "private": "eyJlMmJmYjczMC1lY2FhLTExZTYtOGY4OC0zNDM2M2JjN2M0YzAiOnsiY3JlYXRlIjoxMjAwMDAwMDAwMDAwLCJkZWxldGUiOjEyMDAwMDAwMDAwMDAsInVwZGF0ZSI6MTIwMDAwMDAwMDAwMH19"
        }
      ]
    },
    {
      "module": "module.gcloud",
      "mode": "managed",
      "type": "google_secret_manager_secret",
      "name": "web_google_maps_api_key",
      "provider": "provider[\"registry.terraform.io/hashicorp/google\"]",
      "instances": [
        {
          "schema_version": 0,
          "attributes": {
            "annotations": {},
            "create_time": "2024-10-14T18:08:58.309003Z",
            "effective_annotations": {},
            "effective_labels": {
              "goog-terraform-provisioned": "true"
            },
            "expire_time": "",
            "id": "projects/378762893981/secrets/moov-438615-europe-west1-googlemaps-api-key",
            "labels": {},
            "name": "projects/378762893981/secrets/moov-438615-europe-west1-googlemaps-api-key",
            "project": "378762893981",
            "replication": [
              {
                "auto": [
                  {
                    "customer_managed_encryption": []
                  }
                ],
                "user_managed": []
              }
            ],
            "rotation": [],
            "secret_id": "moov-438615-europe-west1-googlemaps-api-key",
            "terraform_labels": {
              "goog-terraform-provisioned": "true"
            },
            "timeouts": null,
            "topics": [],
            "ttl": null,
            "version_aliases": {},
            "version_destroy_ttl": ""
          },
          "sensitive_attributes": [],
          "private": "eyJlMmJmYjczMC1lY2FhLTExZTYtOGY4OC0zNDM2M2JjN2M0YzAiOnsiY3JlYXRlIjoxMjAwMDAwMDAwMDAwLCJkZWxldGUiOjEyMDAwMDAwMDAwMDAsInVwZGF0ZSI6MTIwMDAwMDAwMDAwMH19",
          "dependencies": [
            "module.gcloud.google_project_service.google_maps_services"
          ]
        }
      ]
    },
    {
      "module": "module.gcloud",
      "mode": "managed",
      "type": "google_secret_manager_secret_iam_member",
      "name": "firebase_admin_service_account_secret_member",
      "provider": "provider[\"registry.terraform.io/hashicorp/google\"]",
      "instances": [
        {
          "schema_version": 0,
          "attributes": {
            "condition": [],
            "etag": "BwYkhzMFDYE=",
            "id": "projects/moov-438615/secrets/prod-firebase-adminsdk-service-account-key/roles/secretmanager.secretAccessor/serviceAccount:production-application-backend@moov-438615.iam.gserviceaccount.com",
            "member": "serviceAccount:production-application-backend@moov-438615.iam.gserviceaccount.com",
            "project": "moov-438615",
            "role": "roles/secretmanager.secretAccessor",
            "secret_id": "projects/moov-438615/secrets/prod-firebase-adminsdk-service-account-key"
          },
          "sensitive_attributes": [],
          "private": "bnVsbA==",
          "dependencies": [
            "module.gcloud.google_secret_manager_secret.firebase_admin_service_account_secret",
            "module.gcloud.google_service_account.application_backend_cloud_run_sa"
          ]
        }
      ]
    },
    {
      "module": "module.gcloud",
      "mode": "managed",
      "type": "google_secret_manager_secret_version",
      "name": "firebase_admin_secret_version",
      "provider": "provider[\"registry.terraform.io/hashicorp/google\"]",
      "instances": [
        {
          "schema_version": 0,
          "attributes": {
            "create_time": "2024-10-15T17:22:45.203541Z",
            "deletion_policy": "DELETE",
            "destroy_time": "",
            "enabled": true,
            "id": "projects/378762893981/secrets/prod-firebase-adminsdk-service-account-key/versions/1",
            "is_secret_data_base64": false,
            "name": "projects/378762893981/secrets/prod-firebase-adminsdk-service-account-key/versions/1",
            "secret": "projects/moov-438615/secrets/prod-firebase-adminsdk-service-account-key",
            "secret_data": "ewogICJ0eXBlIjogInNlcnZpY2VfYWNjb3VudCIsCiAgInByb2plY3RfaWQiOiAibW9vdi00Mzg2MTUiLAogICJwcml2YXRlX2tleV9pZCI6ICJlMTg1MWUzZWE4OTc1YzFlZjY0OTEzMzViOWIxZGY0MjUyMzljM2U4IiwKICAicHJpdmF0ZV9rZXkiOiAiLS0tLS1CRUdJTiBQUklWQVRFIEtFWS0tLS0tXG5NSUlFdmdJQkFEQU5CZ2txaGtpRzl3MEJBUUVGQUFTQ0JLZ3dnZ1NrQWdFQUFvSUJBUUNUTk9tdktRSEhaSm9ZXG55aEdsY2tBakh2NExvL25PYjlVRk1WeDJrZVVwcE9BNGt6YlpEVG5CL3VycklCQitCNVQxMWJHYis2U2lmUkJnXG5tbSszM2lkREUycVQzV3JucFkvQVRzSUpHbzg4Q1doN3hwZnZaTW11aFFvZjhBTGNlNng1SndkeE5oMW50bUJVXG5BNjRoNjh4VC9KZ1NQaEVIV3NJWDgybkVGU1ptaHNQclRocEdPOUZ6NEtsWkxIRGVweGs1eU9iV0xqQVZJTGJQXG5WQm9vUGRTa0FZMlFFQ1llTWg1ams0M2lHdTAzMFRjK1pMeisrNGZ0UmRGcnN1WnV3NFFmaVNNSjBVc2dZNEVaXG5kODdkM0JVeGdWcVNnOTg1ZVdLdWs1L1pVR3I4cmFPTjcxZHZBaDdWaVRJQ1FyMTVaQVRIZDJzT0F6RVExSkRDXG5kQkc4M3dFbEFnTUJBQUVDZ2dFQUxHM1g2ZW55ZzMrMWtxM0tUYWtCK3Blc0RVOWNZaFlXc1E2STNiQ0MvZUtwXG5XZW4wcitYeC9MODNuK2Q1a3RBdkFWT1IyNFpEMWxid3puZE9LS3lBSlJxREhFWERzazZoNkdUYzQycUV1SllPXG5WdTFGaGhkaFY2OEhzMFA1V1JwcW45Wkx4THVVZkd6cS9mQnVhZ2FGRVFRMzBhbXg4Z3BPY25RaEEvRnVPWnNWXG4zRENBUjNXSEJMVDlVS3JPQUg1blQzVnhyK3YrMEZBZDZSNUFZUmx3Mk1WcTZia0o2dlVvMVhkMTZnUDZadysvXG53QWxmTHR4Q2JzS2phMHdxWnhDV1Q5SFZpamVMV3kvQlNQY2pRYUNWeEhZV1FnR1hhbGUybXdhc3JucWJWd3dKXG54alRGM0pUNnlkWjlJUHRuM242ZU5vSWk1NUp4OGJrV2I0VDhIQWI5TVFLQmdRREpXSnI0L3VBQ2tlcURLTHAwXG53VGE1SjNQdHgwaDdSaWJMd3c1UGNiZktNejZidFRRRUJwWUxJY2o4U3hLV3RPcTlERE54TDB0aDNZTEFqanlPXG4yMXBoMmRCYkowYzZJejVSZUJkWnh5MUd6NVpFdFdXN1ZrRHFtWEpJWE84empyeUdIcG5ndGJNV0FIRVNHZERPXG5nTHBCRGhFbTdIdlZtQkFkRjk3aEdpT01Dd0tCZ1FDN0tqTEpsUEFMTjRsTnVEd3BiQitRMEhpdDBjbWNvTS9OXG5BWE5ob1I2SFI2Q1M2N3pEK2JMb2cyRWZVTThHRXZKbVVjSGwrazB6VThYdno2VXI1SEZtTUVtUCtTWUhBNFkvXG5hU1pSUVJXR1RreXYrdkJiaW1VOHhXT0J4RDYyNm84YTBUK3EvbFVaaEhqL3FaY0tpalRwWmRiTGJ5cGNGejhLXG5ORDdLb3dDMWp3S0JnUUNOdTI2VHVpNk1BSlVaTUxGWUFLNTUxWmpZbDRDaExqZWZGYlpjSEF1cExUdDBOakRnXG5hSlowVFpzQ1pnSTJ6akd6VkFSZU4xR1VHVzZ5QnkzL3pjOG90RC9qK3BrOEJwVVdtamV0dmZSVU5VcHRJVmYwXG5jSG9QNm1ZMUpCNUpwNzl6bGRUeUJsV0RObHBoeUlSZzZPS3phcWlPUXNmRkNsN0ZiQWs3WWNBR0V3S0JnUUN2XG5oQWtRaEx6K3A5djRxRGF5MlpSWVowZGtLWUdaZ2l5Y29TbWtla1Y0c3pEZjFuVzBpaXErWk1YbGFoQmFMOVpsXG5JWEpseW00dkhmWld4ekNya3BUTk1hY3Fmb2lzdHg5anc2V05PUzJJUDFFbkRubnNQa0psMU8xVnVjVGVIK1NIXG5UNGNYUVY1b2laUTJuTURwdjJXVElrOWxneUFFTUVDTHZ5YkxQRVRqL1FLQmdEVmtMZVJRUHFna1dFWGpyVDY4XG55aTFyMDBPQithZ1JMQytUbjJocTJYb3JQZzJ1Qi9UdWZYbGl3b2FWaE1mN0NHQUFTTUhDbnh4M0FTZkFRQzBpXG5PVGwwSmwzdyswRjBrMWFLcndURFNRZWtGbDdpOU9paDRJVVBLTEJna21xZ0ZyMENtaTVNS0F5eW5NOE9mcURoXG5qM1M5ZW1WQ3hHSWlVeUpjUG1TT1NHSG5cbi0tLS0tRU5EIFBSSVZBVEUgS0VZLS0tLS1cbiIsCiAgImNsaWVudF9lbWFpbCI6ICJwcm9kLWZpcmViYXNlLWFkbWluLXNhQG1vb3YtNDM4NjE1LmlhbS5nc2VydmljZWFjY291bnQuY29tIiwKICAiY2xpZW50X2lkIjogIjExMjYyNTA0MDMxMDIyNzY2NjMxNyIsCiAgImF1dGhfdXJpIjogImh0dHBzOi8vYWNjb3VudHMuZ29vZ2xlLmNvbS9vL29hdXRoMi9hdXRoIiwKICAidG9rZW5fdXJpIjogImh0dHBzOi8vb2F1dGgyLmdvb2dsZWFwaXMuY29tL3Rva2VuIiwKICAiYXV0aF9wcm92aWRlcl94NTA5X2NlcnRfdXJsIjogImh0dHBzOi8vd3d3Lmdvb2dsZWFwaXMuY29tL29hdXRoMi92MS9jZXJ0cyIsCiAgImNsaWVudF94NTA5X2NlcnRfdXJsIjogImh0dHBzOi8vd3d3Lmdvb2dsZWFwaXMuY29tL3JvYm90L3YxL21ldGFkYXRhL3g1MDkvcHJvZC1maXJlYmFzZS1hZG1pbi1zYSU0MG1vb3YtNDM4NjE1LmlhbS5nc2VydmljZWFjY291bnQuY29tIiwKICAidW5pdmVyc2VfZG9tYWluIjogImdvb2dsZWFwaXMuY29tIgp9Cg==",
            "timeouts": null,
            "version": "1"
          },
          "sensitive_attributes": [
            [
              {
                "type": "get_attr",
                "value": "secret_data"
              }
            ]
          ],
          "private": "eyJlMmJmYjczMC1lY2FhLTExZTYtOGY4OC0zNDM2M2JjN2M0YzAiOnsiY3JlYXRlIjoxMjAwMDAwMDAwMDAwLCJkZWxldGUiOjEyMDAwMDAwMDAwMDAsInVwZGF0ZSI6MTIwMDAwMDAwMDAwMH19",
          "dependencies": [
            "module.gcloud.google_secret_manager_secret.firebase_admin_service_account_secret",
            "module.gcloud.google_service_account.firebase_admin_service_account",
            "module.gcloud.google_service_account_key.firebase_admin_service_account_key"
          ]
        }
      ]
    },
    {
      "module": "module.gcloud",
      "mode": "managed",
      "type": "google_secret_manager_secret_version",
      "name": "firebase_config_version",
      "provider": "provider[\"registry.terraform.io/hashicorp/google\"]",
      "instances": [
        {
          "schema_version": 0,
          "attributes": {
            "create_time": "2024-10-15T17:22:35.067693Z",
            "deletion_policy": "DELETE",
            "destroy_time": "",
            "enabled": true,
            "id": "projects/378762893981/secrets/prod-firebase-config-secret/versions/2",
            "is_secret_data_base64": false,
            "name": "projects/378762893981/secrets/prod-firebase-config-secret/versions/2",
            "secret": "projects/378762893981/secrets/prod-firebase-config-secret",
            "secret_data": "{\"apiKey\":\"AIzaSyAXQBoWoAYM5YGvXWrNf7rN8r8MuJDzve0\",\"appId\":\"1:378762893981:web:73b58a95437cb8ad2b9274\",\"authDomain\":\"moov-438615.firebaseapp.com\",\"databaseURL\":\"\",\"messagingSenderId\":\"378762893981\",\"projectId\":\"moov-438615\",\"storageBucket\":\"moov-438615.appspot.com\"}",
            "timeouts": null,
            "version": "2"
          },
          "sensitive_attributes": [
            [
              {
                "type": "get_attr",
                "value": "secret_data"
              }
            ]
          ],
          "private": "eyJlMmJmYjczMC1lY2FhLTExZTYtOGY4OC0zNDM2M2JjN2M0YzAiOnsiY3JlYXRlIjoxMjAwMDAwMDAwMDAwLCJkZWxldGUiOjEyMDAwMDAwMDAwMDAsInVwZGF0ZSI6MTIwMDAwMDAwMDAwMH19",
          "dependencies": [
            "module.gcloud.data.google_firebase_web_app_config.web_app_config",
            "module.gcloud.google_firebase_project.moov",
            "module.gcloud.google_firebase_web_app.web_app",
            "module.gcloud.google_project_service.google_services_firebase",
            "module.gcloud.google_secret_manager_secret.firebase_config"
          ]
        }
      ]
    },
    {
      "module": "module.gcloud",
      "mode": "managed",
      "type": "google_secret_manager_secret_version",
      "name": "web_google_maps_api_key_version",
      "provider": "provider[\"registry.terraform.io/hashicorp/google\"]",
      "instances": [
        {
          "schema_version": 0,
          "attributes": {
            "create_time": "2024-10-16T05:54:06.252744Z",
            "deletion_policy": "DELETE",
            "destroy_time": "",
            "enabled": true,
            "id": "projects/378762893981/secrets/moov-438615-europe-west1-googlemaps-api-key/versions/2",
            "is_secret_data_base64": false,
            "name": "projects/378762893981/secrets/moov-438615-europe-west1-googlemaps-api-key/versions/2",
            "secret": "projects/378762893981/secrets/moov-438615-europe-west1-googlemaps-api-key",
            "secret_data": "{\"apiKey\":\"AIzaSyBj32YZAbxAdoU5vv2Bh16CVomIPMQ4lmQ\"}",
            "timeouts": null,
            "version": "2"
          },
          "sensitive_attributes": [
            [
              {
                "type": "get_attr",
                "value": "secret_data"
              }
            ]
          ],
          "private": "eyJlMmJmYjczMC1lY2FhLTExZTYtOGY4OC0zNDM2M2JjN2M0YzAiOnsiY3JlYXRlIjoxMjAwMDAwMDAwMDAwLCJkZWxldGUiOjEyMDAwMDAwMDAwMDAsInVwZGF0ZSI6MTIwMDAwMDAwMDAwMH19",
          "dependencies": [
            "module.gcloud.google_apikeys_key.web_google_maps_api_key",
            "module.gcloud.google_project_service.google_maps_services",
            "module.gcloud.google_secret_manager_secret.web_google_maps_api_key"
          ]
        }
      ]
    },
    {
      "module": "module.gcloud",
      "mode": "managed",
      "type": "google_service_account",
      "name": "application_backend_cloud_run_sa",
      "provider": "provider[\"registry.terraform.io/hashicorp/google\"]",
      "instances": [
        {
          "schema_version": 0,
          "attributes": {
            "account_id": "production-application-backend",
            "create_ignore_already_exists": null,
            "description": "",
            "disabled": false,
            "display_name": "Application Backend Cloud Run",
            "email": "production-application-backend@moov-438615.iam.gserviceaccount.com",
            "id": "projects/moov-438615/serviceAccounts/production-application-backend@moov-438615.iam.gserviceaccount.com",
            "member": "serviceAccount:production-application-backend@moov-438615.iam.gserviceaccount.com",
            "name": "projects/moov-438615/serviceAccounts/production-application-backend@moov-438615.iam.gserviceaccount.com",
            "project": "moov-438615",
            "timeouts": null,
            "unique_id": "105972906636727331174"
          },
          "sensitive_attributes": [],
          "private": "eyJlMmJmYjczMC1lY2FhLTExZTYtOGY4OC0zNDM2M2JjN2M0YzAiOnsiY3JlYXRlIjozMDAwMDAwMDAwMDB9LCJzY2hlbWFfdmVyc2lvbiI6IjAifQ=="
        }
      ]
    },
    {
      "module": "module.gcloud",
      "mode": "managed",
      "type": "google_service_account",
      "name": "firebase_admin_service_account",
      "provider": "provider[\"registry.terraform.io/hashicorp/google\"]",
      "instances": [
        {
          "schema_version": 0,
          "attributes": {
            "account_id": "prod-firebase-admin-sa",
            "create_ignore_already_exists": null,
            "description": "Ce compte de service est utilisé par Firebase Admin SDK pour interagir avec Firebase",
            "disabled": false,
            "display_name": "Firebase Admin SDK Service Account",
            "email": "prod-firebase-admin-sa@moov-438615.iam.gserviceaccount.com",
            "id": "projects/moov-438615/serviceAccounts/prod-firebase-admin-sa@moov-438615.iam.gserviceaccount.com",
            "member": "serviceAccount:prod-firebase-admin-sa@moov-438615.iam.gserviceaccount.com",
            "name": "projects/moov-438615/serviceAccounts/prod-firebase-admin-sa@moov-438615.iam.gserviceaccount.com",
            "project": "moov-438615",
            "timeouts": null,
            "unique_id": "112625040310227666317"
          },
          "sensitive_attributes": [],
          "private": "eyJlMmJmYjczMC1lY2FhLTExZTYtOGY4OC0zNDM2M2JjN2M0YzAiOnsiY3JlYXRlIjozMDAwMDAwMDAwMDB9LCJzY2hlbWFfdmVyc2lvbiI6IjAifQ=="
        }
      ]
    },
    {
      "module": "module.gcloud",
      "mode": "managed",
      "type": "google_service_account",
      "name": "github_actions",
      "provider": "provider[\"registry.terraform.io/hashicorp/google\"]",
      "instances": [
        {
          "schema_version": 0,
          "attributes": {
            "account_id": "github-actions-main",
            "create_ignore_already_exists": null,
            "description": "",
            "disabled": false,
            "display_name": "Github Actions",
            "email": "github-actions-main@moov-438615.iam.gserviceaccount.com",
            "id": "projects/moov-438615/serviceAccounts/github-actions-main@moov-438615.iam.gserviceaccount.com",
            "member": "serviceAccount:github-actions-main@moov-438615.iam.gserviceaccount.com",
            "name": "projects/moov-438615/serviceAccounts/github-actions-main@moov-438615.iam.gserviceaccount.com",
            "project": "moov-438615",
            "timeouts": null,
            "unique_id": "110475162204294090116"
          },
          "sensitive_attributes": [],
          "private": "eyJlMmJmYjczMC1lY2FhLTExZTYtOGY4OC0zNDM2M2JjN2M0YzAiOnsiY3JlYXRlIjozMDAwMDAwMDAwMDB9LCJzY2hlbWFfdmVyc2lvbiI6IjAifQ=="
        }
      ]
    },
    {
      "module": "module.gcloud",
      "mode": "managed",
      "type": "google_service_account_key",
      "name": "firebase_admin_service_account_key",
      "provider": "provider[\"registry.terraform.io/hashicorp/google\"]",
      "instances": [
        {
          "schema_version": 0,
          "attributes": {
            "id": "projects/moov-438615/serviceAccounts/prod-firebase-admin-sa@moov-438615.iam.gserviceaccount.com/keys/e1851e3ea8975c1ef6491335b9b1df425239c3e8",
            "keepers": null,
            "key_algorithm": "KEY_ALG_RSA_2048",
            "name": "projects/moov-438615/serviceAccounts/prod-firebase-admin-sa@moov-438615.iam.gserviceaccount.com/keys/e1851e3ea8975c1ef6491335b9b1df425239c3e8",
            "private_key": "ewogICJ0eXBlIjogInNlcnZpY2VfYWNjb3VudCIsCiAgInByb2plY3RfaWQiOiAibW9vdi00Mzg2MTUiLAogICJwcml2YXRlX2tleV9pZCI6ICJlMTg1MWUzZWE4OTc1YzFlZjY0OTEzMzViOWIxZGY0MjUyMzljM2U4IiwKICAicHJpdmF0ZV9rZXkiOiAiLS0tLS1CRUdJTiBQUklWQVRFIEtFWS0tLS0tXG5NSUlFdmdJQkFEQU5CZ2txaGtpRzl3MEJBUUVGQUFTQ0JLZ3dnZ1NrQWdFQUFvSUJBUUNUTk9tdktRSEhaSm9ZXG55aEdsY2tBakh2NExvL25PYjlVRk1WeDJrZVVwcE9BNGt6YlpEVG5CL3VycklCQitCNVQxMWJHYis2U2lmUkJnXG5tbSszM2lkREUycVQzV3JucFkvQVRzSUpHbzg4Q1doN3hwZnZaTW11aFFvZjhBTGNlNng1SndkeE5oMW50bUJVXG5BNjRoNjh4VC9KZ1NQaEVIV3NJWDgybkVGU1ptaHNQclRocEdPOUZ6NEtsWkxIRGVweGs1eU9iV0xqQVZJTGJQXG5WQm9vUGRTa0FZMlFFQ1llTWg1ams0M2lHdTAzMFRjK1pMeisrNGZ0UmRGcnN1WnV3NFFmaVNNSjBVc2dZNEVaXG5kODdkM0JVeGdWcVNnOTg1ZVdLdWs1L1pVR3I4cmFPTjcxZHZBaDdWaVRJQ1FyMTVaQVRIZDJzT0F6RVExSkRDXG5kQkc4M3dFbEFnTUJBQUVDZ2dFQUxHM1g2ZW55ZzMrMWtxM0tUYWtCK3Blc0RVOWNZaFlXc1E2STNiQ0MvZUtwXG5XZW4wcitYeC9MODNuK2Q1a3RBdkFWT1IyNFpEMWxid3puZE9LS3lBSlJxREhFWERzazZoNkdUYzQycUV1SllPXG5WdTFGaGhkaFY2OEhzMFA1V1JwcW45Wkx4THVVZkd6cS9mQnVhZ2FGRVFRMzBhbXg4Z3BPY25RaEEvRnVPWnNWXG4zRENBUjNXSEJMVDlVS3JPQUg1blQzVnhyK3YrMEZBZDZSNUFZUmx3Mk1WcTZia0o2dlVvMVhkMTZnUDZadysvXG53QWxmTHR4Q2JzS2phMHdxWnhDV1Q5SFZpamVMV3kvQlNQY2pRYUNWeEhZV1FnR1hhbGUybXdhc3JucWJWd3dKXG54alRGM0pUNnlkWjlJUHRuM242ZU5vSWk1NUp4OGJrV2I0VDhIQWI5TVFLQmdRREpXSnI0L3VBQ2tlcURLTHAwXG53VGE1SjNQdHgwaDdSaWJMd3c1UGNiZktNejZidFRRRUJwWUxJY2o4U3hLV3RPcTlERE54TDB0aDNZTEFqanlPXG4yMXBoMmRCYkowYzZJejVSZUJkWnh5MUd6NVpFdFdXN1ZrRHFtWEpJWE84empyeUdIcG5ndGJNV0FIRVNHZERPXG5nTHBCRGhFbTdIdlZtQkFkRjk3aEdpT01Dd0tCZ1FDN0tqTEpsUEFMTjRsTnVEd3BiQitRMEhpdDBjbWNvTS9OXG5BWE5ob1I2SFI2Q1M2N3pEK2JMb2cyRWZVTThHRXZKbVVjSGwrazB6VThYdno2VXI1SEZtTUVtUCtTWUhBNFkvXG5hU1pSUVJXR1RreXYrdkJiaW1VOHhXT0J4RDYyNm84YTBUK3EvbFVaaEhqL3FaY0tpalRwWmRiTGJ5cGNGejhLXG5ORDdLb3dDMWp3S0JnUUNOdTI2VHVpNk1BSlVaTUxGWUFLNTUxWmpZbDRDaExqZWZGYlpjSEF1cExUdDBOakRnXG5hSlowVFpzQ1pnSTJ6akd6VkFSZU4xR1VHVzZ5QnkzL3pjOG90RC9qK3BrOEJwVVdtamV0dmZSVU5VcHRJVmYwXG5jSG9QNm1ZMUpCNUpwNzl6bGRUeUJsV0RObHBoeUlSZzZPS3phcWlPUXNmRkNsN0ZiQWs3WWNBR0V3S0JnUUN2XG5oQWtRaEx6K3A5djRxRGF5MlpSWVowZGtLWUdaZ2l5Y29TbWtla1Y0c3pEZjFuVzBpaXErWk1YbGFoQmFMOVpsXG5JWEpseW00dkhmWld4ekNya3BUTk1hY3Fmb2lzdHg5anc2V05PUzJJUDFFbkRubnNQa0psMU8xVnVjVGVIK1NIXG5UNGNYUVY1b2laUTJuTURwdjJXVElrOWxneUFFTUVDTHZ5YkxQRVRqL1FLQmdEVmtMZVJRUHFna1dFWGpyVDY4XG55aTFyMDBPQithZ1JMQytUbjJocTJYb3JQZzJ1Qi9UdWZYbGl3b2FWaE1mN0NHQUFTTUhDbnh4M0FTZkFRQzBpXG5PVGwwSmwzdyswRjBrMWFLcndURFNRZWtGbDdpOU9paDRJVVBLTEJna21xZ0ZyMENtaTVNS0F5eW5NOE9mcURoXG5qM1M5ZW1WQ3hHSWlVeUpjUG1TT1NHSG5cbi0tLS0tRU5EIFBSSVZBVEUgS0VZLS0tLS1cbiIsCiAgImNsaWVudF9lbWFpbCI6ICJwcm9kLWZpcmViYXNlLWFkbWluLXNhQG1vb3YtNDM4NjE1LmlhbS5nc2VydmljZWFjY291bnQuY29tIiwKICAiY2xpZW50X2lkIjogIjExMjYyNTA0MDMxMDIyNzY2NjMxNyIsCiAgImF1dGhfdXJpIjogImh0dHBzOi8vYWNjb3VudHMuZ29vZ2xlLmNvbS9vL29hdXRoMi9hdXRoIiwKICAidG9rZW5fdXJpIjogImh0dHBzOi8vb2F1dGgyLmdvb2dsZWFwaXMuY29tL3Rva2VuIiwKICAiYXV0aF9wcm92aWRlcl94NTA5X2NlcnRfdXJsIjogImh0dHBzOi8vd3d3Lmdvb2dsZWFwaXMuY29tL29hdXRoMi92MS9jZXJ0cyIsCiAgImNsaWVudF94NTA5X2NlcnRfdXJsIjogImh0dHBzOi8vd3d3Lmdvb2dsZWFwaXMuY29tL3JvYm90L3YxL21ldGFkYXRhL3g1MDkvcHJvZC1maXJlYmFzZS1hZG1pbi1zYSU0MG1vb3YtNDM4NjE1LmlhbS5nc2VydmljZWFjY291bnQuY29tIiwKICAidW5pdmVyc2VfZG9tYWluIjogImdvb2dsZWFwaXMuY29tIgp9Cg==",
            "private_key_type": "TYPE_GOOGLE_CREDENTIALS_FILE",
            "public_key": "LS0tLS1CRUdJTiBDRVJUSUZJQ0FURS0tLS0tCk1JSUMvVENDQWVXZ0F3SUJBZ0lKQUxib1NweFp0L3Z1TUEwR0NTcUdTSWIzRFFFQkJRVUFNQ0F4SGpBY0JnTlYKQkFNTUZURXhNall5TlRBME1ETXhNREl5TnpZMk5qTXhOekFnRncweU5ERXdNVFV4TnpJeU16SmFHQTg1T1RrNQpNVEl6TVRJek5UazFPVm93SURFZU1Cd0dBMVVFQXd3Vk1URXlOakkxTURRd016RXdNakkzTmpZMk16RTNNSUlCCklqQU5CZ2txaGtpRzl3MEJBUUVGQUFPQ0FROEFNSUlCQ2dLQ0FRRUFrelRwcnlrQngyU2FHTW9ScFhKQUl4NysKQzZQNXptL1ZCVEZjZHBIbEthVGdPSk0yMlEwNXdmN3E2eUFRZmdlVTlkV3htL3Vrb24wUVlKcHZ0OTRuUXhOcQprOTFxNTZXUHdFN0NDUnFQUEFsb2U4YVg3MlRKcm9VS0gvQUMzSHVzZVNjSGNUWWRaN1pnVkFPdUlldk1VL3lZCkVqNFJCMXJDRi9OcHhCVW1ab2JENjA0YVJqdlJjK0NwV1N4dzNxY1pPY2ptMWk0d0ZTQzJ6MVFhS0QzVXBBR04Ka0JBbUhqSWVZNU9ONGhydE45RTNQbVM4L3Z1SDdVWFJhN0xtYnNPRUg0a2pDZEZMSUdPQkdYZk8zZHdWTVlGYQprb1BmT1hsaXJwT2YyVkJxL0syamplOVhid0llMVlreUFrSzllV1FFeDNkckRnTXhFTlNRd25RUnZOOEJKUUlECkFRQUJvemd3TmpBTUJnTlZIUk1CQWY4RUFqQUFNQTRHQTFVZER3RUIvd1FFQXdJSGdEQVdCZ05WSFNVQkFmOEUKRERBS0JnZ3JCZ0VGQlFjREFqQU5CZ2txaGtpRzl3MEJBUVVGQUFPQ0FRRUFiVVhsRDc2NVNsc09xanhLcmNIcgpBaFR0Si9SZ0MvTWlmUWVJVC9WSjFXYmRqME5zUjlrNHJTNkdtdWt5VmJ3UzQ4YU9zMDdRTThjU3JQdnB5NjdpCnZCR3BmdW5ScWxBazJNNEdhS1ZiZDhjYWM3V2xscmx6Y3ZIQnE0UWd1UmdHUWdocDNVdTV3bS9QSUlUMk1BM0cKSE90ektQdElvcVR6R0F0MzJQbUp6QngwMlgwaDFpdTVYemN5YkhLQ0Jsck1YMzd0OGE2YzB2L3g4Qnp0Z3FIWQorTC92S2crYkRJbmpZVmpqUmQ1RWVtVE9xY2pVK25zT1IwRjlpWjRhNGhlMTlhTU1yeit5ZHlESFFBM1FYV2xqClNCTEVaQUVMMTJwOStUU3d5UXZrcW0rZGFISnRvdEhaV3pYLzhadFVKdHRScVNuR0hrSzRnaWpOTmIrTkxBRFQKSXc9PQotLS0tLUVORCBDRVJUSUZJQ0FURS0tLS0tCg==",
            "public_key_data": null,
            "public_key_type": "TYPE_X509_PEM_FILE",
            "service_account_id": "projects/moov-438615/serviceAccounts/prod-firebase-admin-sa@moov-438615.iam.gserviceaccount.com",
            "valid_after": "2024-10-15T17:22:32Z",
            "valid_before": "9999-12-31T23:59:59Z"
          },
          "sensitive_attributes": [
            [
              {
                "type": "get_attr",
                "value": "private_key"
              }
            ]
          ],
          "private": "bnVsbA==",
          "dependencies": [
            "module.gcloud.google_service_account.firebase_admin_service_account"
          ]
        }
      ]
    },
    {
      "module": "module.gcloud",
      "mode": "managed",
      "type": "google_service_account_key",
      "name": "github_actions_key",
      "provider": "provider[\"registry.terraform.io/hashicorp/google\"]",
      "instances": [
        {
          "schema_version": 0,
          "attributes": {
            "id": "projects/moov-438615/serviceAccounts/github-actions-main@moov-438615.iam.gserviceaccount.com/keys/48c68759fa0fc9a7900507f9a8180d1ef35fdfb3",
            "keepers": null,
            "key_algorithm": "KEY_ALG_RSA_2048",
            "name": "projects/moov-438615/serviceAccounts/github-actions-main@moov-438615.iam.gserviceaccount.com/keys/48c68759fa0fc9a7900507f9a8180d1ef35fdfb3",
            "private_key": "ewogICJ0eXBlIjogInNlcnZpY2VfYWNjb3VudCIsCiAgInByb2plY3RfaWQiOiAibW9vdi00Mzg2MTUiLAogICJwcml2YXRlX2tleV9pZCI6ICI0OGM2ODc1OWZhMGZjOWE3OTAwNTA3ZjlhODE4MGQxZWYzNWZkZmIzIiwKICAicHJpdmF0ZV9rZXkiOiAiLS0tLS1CRUdJTiBQUklWQVRFIEtFWS0tLS0tXG5NSUlFdndJQkFEQU5CZ2txaGtpRzl3MEJBUUVGQUFTQ0JLa3dnZ1NsQWdFQUFvSUJBUUR3SVR0Z0RpK0U3V0NFXG5HNXNKeXVlR2tTWWV6M283YS9DRENvV05WaFZCSnIvY0Z4S1lMTzJmVUxIWXZPOFhrMWpHWERwem0rNXJuNTEyXG45UVVnQmRpSzlwd0FveU5MajI0TmFtbjBaV2kvQ0VnZUVHRXRIKzFvbzk2cWF3QXJFZU1nTU94d0FhaXhyVEtlXG5vbUxoVmF1dXUzUUxFZEN3SC92THlNaU5ocUEvRUhBaHNLT0xLdEx0cy9uelErdEUwU3FHTlI2QTI5Uk9NczRMXG4rM3UwV2MyaTgwZ0RRZ1c1QU9CMmFsNmlubm1FQ25QRkNSSWtRcTYxNW9uUC9SdEpTZE14em84S24yU2JzNTFvXG4rWFRTa0pkUVhyM1pnMm93Yno4Rlp5d2pzcnNRUjAySiswNzZSeFI0MEI1a1NrYkFkdUVCbHk3TWpNaTZwT3UxXG5kQkhOMkRackFnTUJBQUVDZ2dFQUJXZTloakxKUXVjOVI5NUlvNklCWnBwRFpjTzRqTnpleVpmRjB4MUd1c1orXG5sNGxWSXBySTNqM1dhTHBYY1hDZ2NKWU5CeEMvYlJkNWZDT0RGcW9XYzRuQzJSR3VjMW9LaHphak40RHFUUXcvXG5kakNrRGpNeFNJZ1JmZGRFQ3NadnFIWEdDVWhEdE1YaEV3aWkzblBIQStqMTN4bzBEd1FEazhLcmVyM0pIcVNJXG5qN3NtMkdzVHlNb1pkTmI1Uy90MFJoNHk3d1JGVmo2LzFuRDZtajlMQWRrTjZZOHNrSXozWkpwNEF3WVhGNnEyXG41VDZsZjU2L0t6Si9BY1ZEUFJPKzF5aWVFNzlTUkltSlNaZjE3a1JHNWVIdU1Zdi9DUnJaa2VOcVRzYlZWS2pvXG5wNTJZbHA1SG1OUU13VFJDMzMvZi95N3ptWFdCRFdVZ2hQVlJqTDE1SVFLQmdRRDhEZnhnbWRnbEtXRFRadGNqXG5pYW1PQUFyY1dYd0Nsalp5MUlZbnEwSVZQbm1RTDNGdTNzL2M2TGN6NHA4Nit0dENnLzdtbUNnU3R0UncvaXdBXG5NNE0xNUg2K0xPOFBYdngrdG5vTDB1VGpmNEhDVnJucWRpUSt2N0k0Yi9sTWZ2N3NJTEFLQzJJb2x2aGpKMkhQXG44WkRPeHRpeTBUb0p6UFpIN1dDcUZaVlh5d0tCZ1FEejQzWThEUmJsOXlwcUJ0UUNZWDVDZU42Z01saUlDYzMxXG5jV2FsQmprQnoyWWpUK09iWC9HVnBRMUN3czR6WXBUc0VoUStFYlVhaitHUENXekcxbGJvOUdoYTFpNjJkekZ4XG5PalU0V0V4WGRLV3ZyaS94c29ENkhyMFdJSzNsNWZBdTJMOEVzRGpEVkxKaDRzRWJxRlREQnBzbFZGRGNHWVNjXG5HMEJtRDU2SDRRS0JnUURJU3B6WWJxZ1JyN1hmaDROQ0hDeCtTSTVZMTByeUMwZXRMRENHNlZJVDY1ZFIra0ZiXG5admNxaGtxK2trRVI3ekc0dzRjVTJxaE5acmVlS252d2xQNlpIcitRZzhoY0lKRG9hRHpIbElpS04xSjNpYzhtXG4vMGFDRG5haTNtZnVYNlJYSXdxQWtOY3BoZjVQWElZZlpjZzZhRXplbStCUTFXeUhiNXcyeS92bXpRS0JnUUN0XG5ZU0RtbysrSllHTFlxUzRDMjBnay9VUlc0ak9wMGo2R3BDMXlWN0FqSjB2WEFxNHVBTkQvcnl4MEw0VGpac3V6XG4zMDVncWJuenZpRjl6QmQyYTEyeGtqNjFoTm9FZ1V1MjBNaVEyOFM1ejRVU0ZXU2tFR0E4YjZuQWwwN0l4dVF1XG5pWXVTUzZ5dXdBRm9NUWxUSGlIVDIxaGorMExZbFpOK1hxa3paUnN3UVFLQmdRRHBFdTMwcjhGZ1R3TG5xTjJzXG52TFlmOXo2OThOSkhHbUhudjB1SjdFenJjLzljMmV4SU5jMzVBaDcwRVpZcHFHQ0xDNWxQaURrSlJvTDRBZVhNXG41RzMrN0VINUsrakNXUXRqckxLWGRWMk1kci8yYllOS2ZUcnhiY0VzYWlSUlQ0TUI4L1RrQXY2QmRPMGdTSU5nXG50dGpQSWVmbmlmTTlPUTlQSDRidWlmaU5nUT09XG4tLS0tLUVORCBQUklWQVRFIEtFWS0tLS0tXG4iLAogICJjbGllbnRfZW1haWwiOiAiZ2l0aHViLWFjdGlvbnMtbWFpbkBtb292LTQzODYxNS5pYW0uZ3NlcnZpY2VhY2NvdW50LmNvbSIsCiAgImNsaWVudF9pZCI6ICIxMTA0NzUxNjIyMDQyOTQwOTAxMTYiLAogICJhdXRoX3VyaSI6ICJodHRwczovL2FjY291bnRzLmdvb2dsZS5jb20vby9vYXV0aDIvYXV0aCIsCiAgInRva2VuX3VyaSI6ICJodHRwczovL29hdXRoMi5nb29nbGVhcGlzLmNvbS90b2tlbiIsCiAgImF1dGhfcHJvdmlkZXJfeDUwOV9jZXJ0X3VybCI6ICJodHRwczovL3d3dy5nb29nbGVhcGlzLmNvbS9vYXV0aDIvdjEvY2VydHMiLAogICJjbGllbnRfeDUwOV9jZXJ0X3VybCI6ICJodHRwczovL3d3dy5nb29nbGVhcGlzLmNvbS9yb2JvdC92MS9tZXRhZGF0YS94NTA5L2dpdGh1Yi1hY3Rpb25zLW1haW4lNDBtb292LTQzODYxNS5pYW0uZ3NlcnZpY2VhY2NvdW50LmNvbSIsCiAgInVuaXZlcnNlX2RvbWFpbiI6ICJnb29nbGVhcGlzLmNvbSIKfQo=",
            "private_key_type": "TYPE_GOOGLE_CREDENTIALS_FILE",
            "public_key": "LS0tLS1CRUdJTiBDRVJUSUZJQ0FURS0tLS0tCk1JSUMvRENDQWVTZ0F3SUJBZ0lJYkF5WVBwNDljbmt3RFFZSktvWklodmNOQVFFRkJRQXdJREVlTUJ3R0ExVUUKQXd3Vk1URXdORGMxTVRZeU1qQTBNamswTURrd01URTJNQ0FYRFRJME1UQXhOVEUzTWpJek0xb1lEems1T1RreApNak14TWpNMU9UVTVXakFnTVI0d0hBWURWUVFEREJVeE1UQTBOelV4TmpJeU1EUXlPVFF3T1RBeE1UWXdnZ0VpCk1BMEdDU3FHU0liM0RRRUJBUVVBQTRJQkR3QXdnZ0VLQW9JQkFRRHdJVHRnRGkrRTdXQ0VHNXNKeXVlR2tTWWUKejNvN2EvQ0RDb1dOVmhWQkpyL2NGeEtZTE8yZlVMSFl2TzhYazFqR1hEcHptKzVybjUxMjlRVWdCZGlLOXB3QQpveU5MajI0TmFtbjBaV2kvQ0VnZUVHRXRIKzFvbzk2cWF3QXJFZU1nTU94d0FhaXhyVEtlb21MaFZhdXV1M1FMCkVkQ3dIL3ZMeU1pTmhxQS9FSEFoc0tPTEt0THRzL256USt0RTBTcUdOUjZBMjlST01zNEwrM3UwV2MyaTgwZ0QKUWdXNUFPQjJhbDZpbm5tRUNuUEZDUklrUXE2MTVvblAvUnRKU2RNeHpvOEtuMlNiczUxbytYVFNrSmRRWHIzWgpnMm93Yno4Rlp5d2pzcnNRUjAySiswNzZSeFI0MEI1a1NrYkFkdUVCbHk3TWpNaTZwT3UxZEJITjJEWnJBZ01CCkFBR2pPREEyTUF3R0ExVWRFd0VCL3dRQ01BQXdEZ1lEVlIwUEFRSC9CQVFEQWdlQU1CWUdBMVVkSlFFQi93UU0KTUFvR0NDc0dBUVVGQndNQ01BMEdDU3FHU0liM0RRRUJCUVVBQTRJQkFRQmJ5ZkxxYlhDVlVURWU5N1h0T1ovZApGeEFXOVRWY1g3UzQyMlQ0SmFNd3lsTmxya1Y5RkhUbnErRnNzajlkZEdpK0JQck1tb2Y4c1VHeER4ZDBtWkpuCmdsL25pbnFaOHpuQkpITFJ5Uk5CTkVBSDJCbGlRMGxVYk5lM1dmbDdKTjZBZEJvUGNxb1lDU0dWWlJtd3FDMnUKUmRGa3Q5RjRXa1hwRUxYNlpnN1UvTmtOQjZNQXVuaEo2RVRQOUhXRWVXM2gzYmNYWTJZY1lVMS9aVEpNQUhpYQpoKy96YkdlVHFrVGVUeGsvZzlJMFY0bkNxYTgyaklCVFVYYlNDTEt0NDJHS1JGT1B1NmlxTzVWT2hYVU9VeFhDCmRiMjk1aUdVakxUeWZCL3VaQUtSbmhLWXk3OTFGMU5RRkU3Q3hueml0RXhSQ0cwb1UwTk1TSE50OU5zeWM5TW8KLS0tLS1FTkQgQ0VSVElGSUNBVEUtLS0tLQo=",
            "public_key_data": null,
            "public_key_type": "TYPE_X509_PEM_FILE",
            "service_account_id": "github-actions-main",
            "valid_after": "2024-10-15T17:22:33Z",
            "valid_before": "9999-12-31T23:59:59Z"
          },
          "sensitive_attributes": [
            [
              {
                "type": "get_attr",
                "value": "private_key"
              }
            ]
          ],
          "private": "bnVsbA==",
          "dependencies": [
            "module.gcloud.google_service_account.github_actions"
          ]
        }
      ]
    },
    {
      "module": "module.gcloud",
      "mode": "managed",
      "type": "google_storage_bucket",
      "name": "bucket_gcf_source",
      "provider": "provider[\"registry.terraform.io/hashicorp/google\"]",
      "instances": [
        {
          "schema_version": 3,
          "attributes": {
            "autoclass": [],
            "cors": [],
            "custom_placement_config": [],
            "default_event_based_hold": false,
            "effective_labels": {
              "goog-terraform-provisioned": "true"
            },
            "enable_object_retention": false,
            "encryption": [],
            "force_destroy": false,
            "id": "prod-moov-438615-europe-west1-gcf-source",
            "labels": {},
            "lifecycle_rule": [],
            "location": "EU",
            "logging": [],
            "name": "prod-moov-438615-europe-west1-gcf-source",
            "project": "moov-438615",
            "project_number": 378762893981,
            "public_access_prevention": "inherited",
            "requester_pays": false,
            "retention_policy": [],
            "rpo": "DEFAULT",
            "self_link": "https://www.googleapis.com/storage/v1/b/prod-moov-438615-europe-west1-gcf-source",
            "soft_delete_policy": [
              {
                "effective_time": "2024-10-14T18:08:59.173Z",
                "retention_duration_seconds": 604800
              }
            ],
            "storage_class": "STANDARD",
            "terraform_labels": {
              "goog-terraform-provisioned": "true"
            },
            "timeouts": null,
            "uniform_bucket_level_access": true,
            "url": "gs://prod-moov-438615-europe-west1-gcf-source",
            "versioning": [],
            "website": []
          },
          "sensitive_attributes": [],
          "private": "eyJlMmJmYjczMC1lY2FhLTExZTYtOGY4OC0zNDM2M2JjN2M0YzAiOnsiY3JlYXRlIjo2MDAwMDAwMDAwMDAsInJlYWQiOjI0MDAwMDAwMDAwMCwidXBkYXRlIjoyNDAwMDAwMDAwMDB9LCJzY2hlbWFfdmVyc2lvbiI6IjMifQ=="
        }
      ]
    },
    {
      "module": "module.gcloud",
      "mode": "managed",
      "type": "google_storage_bucket",
      "name": "bucket_tf_state_eu",
      "provider": "provider[\"registry.terraform.io/hashicorp/google\"]",
      "instances": [
        {
          "schema_version": 3,
          "attributes": {
            "autoclass": [],
            "cors": [],
            "custom_placement_config": [],
            "default_event_based_hold": false,
            "effective_labels": {
              "goog-terraform-provisioned": "true"
            },
            "enable_object_retention": false,
            "encryption": [],
            "force_destroy": false,
            "id": "utrade-europe-west1-tf-state",
            "labels": {},
            "lifecycle_rule": [],
            "location": "EUROPE-WEST1",
            "logging": [],
            "name": "utrade-europe-west1-tf-state",
            "project": "moov-438615",
            "project_number": 378762893981,
            "public_access_prevention": "inherited",
            "requester_pays": false,
            "retention_policy": [],
            "rpo": null,
            "self_link": "https://www.googleapis.com/storage/v1/b/utrade-europe-west1-tf-state",
            "soft_delete_policy": [
              {
                "effective_time": "2024-10-14T18:08:59.225Z",
                "retention_duration_seconds": 604800
              }
            ],
            "storage_class": "STANDARD",
            "terraform_labels": {
              "goog-terraform-provisioned": "true"
            },
            "timeouts": null,
            "uniform_bucket_level_access": true,
            "url": "gs://utrade-europe-west1-tf-state",
            "versioning": [
              {
                "enabled": true
              }
            ],
            "website": []
          },
          "sensitive_attributes": [],
          "private": "eyJlMmJmYjczMC1lY2FhLTExZTYtOGY4OC0zNDM2M2JjN2M0YzAiOnsiY3JlYXRlIjo2MDAwMDAwMDAwMDAsInJlYWQiOjI0MDAwMDAwMDAwMCwidXBkYXRlIjoyNDAwMDAwMDAwMDB9LCJzY2hlbWFfdmVyc2lvbiI6IjMifQ=="
        }
      ]
    },
    {
      "module": "module.gcloud",
      "mode": "managed",
      "type": "google_storage_bucket_object",
      "name": "auth",
      "provider": "provider[\"registry.terraform.io/hashicorp/google\"]",
      "instances": [
        {
          "schema_version": 0,
          "attributes": {
            "bucket": "prod-moov-438615-europe-west1-gcf-source",
            "cache_control": "",
            "content": null,
            "content_disposition": "",
            "content_encoding": "",
            "content_language": "",
            "content_type": "application/zip",
            "crc32c": "O0Zw0w==",
            "customer_encryption": [],
            "detect_md5hash": "NgW/bz6M8nehyjlku9Myfg==",
            "event_based_hold": false,
            "generation": 1729081476939217,
            "id": "prod-moov-438615-europe-west1-gcf-source-moov-438615-europe-west1-identity-platform-auth-function-source.zip",
            "kms_key_name": "",
            "md5hash": "NgW/bz6M8nehyjlku9Myfg==",
            "media_link": "https://storage.googleapis.com/download/storage/v1/b/prod-moov-438615-europe-west1-gcf-source/o/moov-438615-europe-west1-identity-platform-auth-function-source.zip?generation=1729081476939217\u0026alt=media",
            "metadata": {},
            "name": "moov-438615-europe-west1-identity-platform-auth-function-source.zip",
            "output_name": "moov-438615-europe-west1-identity-platform-auth-function-source.zip",
            "retention": [],
            "self_link": "https://www.googleapis.com/storage/v1/b/prod-moov-438615-europe-west1-gcf-source/o/moov-438615-europe-west1-identity-platform-auth-function-source.zip",
            "source": "/tmp/auth-function-source.zip",
            "storage_class": "STANDARD",
            "temporary_hold": false,
            "timeouts": null
          },
          "sensitive_attributes": [
            [
              {
                "type": "get_attr",
                "value": "content"
              }
            ]
          ],
          "private": "eyJlMmJmYjczMC1lY2FhLTExZTYtOGY4OC0zNDM2M2JjN2M0YzAiOnsiY3JlYXRlIjoyNDAwMDAwMDAwMDAsImRlbGV0ZSI6MjQwMDAwMDAwMDAwLCJ1cGRhdGUiOjI0MDAwMDAwMDAwMH19",
          "dependencies": [
            "module.gcloud.data.archive_file.auth_func_src",
            "module.gcloud.google_storage_bucket.bucket_gcf_source"
          ]
        }
      ]
    },
    {
      "module": "module.gcloud.module.cdn",
      "mode": "managed",
      "type": "google_compute_backend_bucket",
      "name": "public_cdn",
      "provider": "provider[\"registry.terraform.io/hashicorp/google\"]",
      "instances": [
        {
          "schema_version": 0,
          "attributes": {
            "bucket_name": "moov-438615-europe-west1-public-images-web",
            "cdn_policy": [
              {
                "bypass_cache_on_request_headers": [],
                "cache_key_policy": [],
                "cache_mode": "CACHE_ALL_STATIC",
                "client_ttl": 3600,
                "default_ttl": 3600,
                "max_ttl": 86400,
                "negative_caching": true,
                "negative_caching_policy": [],
                "request_coalescing": true,
                "serve_while_stale": 86400,
                "signed_url_cache_max_age_sec": 0
              }
            ],
            "compression_mode": "",
            "creation_timestamp": "2024-10-14T11:09:08.981-07:00",
            "custom_response_headers": [],
            "description": "",
            "edge_security_policy": "",
            "enable_cdn": true,
            "id": "projects/moov-438615/global/backendBuckets/moov-438615-europe-west1-public-cdn",
            "name": "moov-438615-europe-west1-public-cdn",
            "project": "moov-438615",
            "self_link": "https://www.googleapis.com/compute/v1/projects/moov-438615/global/backendBuckets/moov-438615-europe-west1-public-cdn",
            "timeouts": null
          },
          "sensitive_attributes": [],
          "private": "eyJlMmJmYjczMC1lY2FhLTExZTYtOGY4OC0zNDM2M2JjN2M0YzAiOnsiY3JlYXRlIjoxMjAwMDAwMDAwMDAwLCJkZWxldGUiOjEyMDAwMDAwMDAwMDAsInVwZGF0ZSI6MTIwMDAwMDAwMDAwMH0sInNjaGVtYV92ZXJzaW9uIjoiMCJ9",
          "dependencies": [
            "module.gcloud.module.cdn.google_storage_bucket.public_images"
          ]
        }
      ]
    },
    {
      "module": "module.gcloud.module.cdn",
      "mode": "managed",
      "type": "google_compute_global_address",
      "name": "public_cdn",
      "provider": "provider[\"registry.terraform.io/hashicorp/google\"]",
      "instances": [
        {
          "schema_version": 0,
          "attributes": {
            "address": "34.98.82.137",
            "address_type": "EXTERNAL",
            "creation_timestamp": "2024-10-14T11:08:58.208-07:00",
            "description": "",
            "effective_labels": {
              "goog-terraform-provisioned": "true"
            },
            "id": "projects/moov-438615/global/addresses/global-app-address",
            "ip_version": "",
            "label_fingerprint": "vezUS-42LLM=",
            "labels": {},
            "name": "global-app-address",
            "network": "",
            "prefix_length": 0,
            "project": "moov-438615",
            "purpose": "",
            "self_link": "https://www.googleapis.com/compute/v1/projects/moov-438615/global/addresses/global-app-address",
            "terraform_labels": {
              "goog-terraform-provisioned": "true"
            },
            "timeouts": null
          },
          "sensitive_attributes": [],
          "private": "eyJlMmJmYjczMC1lY2FhLTExZTYtOGY4OC0zNDM2M2JjN2M0YzAiOnsiY3JlYXRlIjoxMjAwMDAwMDAwMDAwLCJkZWxldGUiOjEyMDAwMDAwMDAwMDAsInVwZGF0ZSI6MTIwMDAwMDAwMDAwMH19"
        }
      ]
    },
    {
      "module": "module.gcloud.module.cdn",
      "mode": "managed",
      "type": "google_compute_global_forwarding_rule",
      "name": "public_cdn",
      "provider": "provider[\"registry.terraform.io/hashicorp/google\"]",
      "instances": [
        {
          "schema_version": 0,
          "attributes": {
            "base_forwarding_rule": "",
            "description": "",
            "effective_labels": {},
            "id": "projects/moov-438615/global/forwardingRules/moov-438615-europe-west1-public-cdn-forwarding-rule",
            "ip_address": "34.98.82.137",
            "ip_protocol": "TCP",
            "ip_version": "",
            "label_fingerprint": "42WmSpB8rSM=",
            "labels": {},
            "load_balancing_scheme": "EXTERNAL",
            "metadata_filters": [],
            "name": "moov-438615-europe-west1-public-cdn-forwarding-rule",
            "network": "",
            "no_automate_dns_zone": null,
            "port_range": "80-80",
            "project": "moov-438615",
            "psc_connection_id": "",
            "psc_connection_status": "",
            "self_link": "https://www.googleapis.com/compute/v1/projects/moov-438615/global/forwardingRules/moov-438615-europe-west1-public-cdn-forwarding-rule",
            "service_directory_registrations": [],
            "source_ip_ranges": [],
            "subnetwork": "",
            "target": "https://www.googleapis.com/compute/v1/projects/moov-438615/global/targetHttpProxies/moov-438615-europe-west1-public-cdn-http-proxy",
            "terraform_labels": {},
            "timeouts": null
          },
          "sensitive_attributes": [],
          "private": "eyJlMmJmYjczMC1lY2FhLTExZTYtOGY4OC0zNDM2M2JjN2M0YzAiOnsiY3JlYXRlIjoxMjAwMDAwMDAwMDAwLCJkZWxldGUiOjEyMDAwMDAwMDAwMDAsInVwZGF0ZSI6MTIwMDAwMDAwMDAwMH0sInNjaGVtYV92ZXJzaW9uIjoiMCJ9",
          "dependencies": [
            "module.gcloud.module.cdn.google_compute_backend_bucket.public_cdn",
            "module.gcloud.module.cdn.google_compute_global_address.public_cdn",
            "module.gcloud.module.cdn.google_compute_target_http_proxy.public_cdn",
            "module.gcloud.module.cdn.google_compute_url_map.url_map",
            "module.gcloud.module.cdn.google_storage_bucket.public_images"
          ]
        }
      ]
    },
    {
      "module": "module.gcloud.module.cdn",
      "mode": "managed",
      "type": "google_compute_target_http_proxy",
      "name": "public_cdn",
      "provider": "provider[\"registry.terraform.io/hashicorp/google\"]",
      "instances": [
        {
          "schema_version": 0,
          "attributes": {
            "creation_timestamp": "2024-10-14T11:09:37.166-07:00",
            "description": "",
            "http_keep_alive_timeout_sec": 0,
            "id": "projects/moov-438615/global/targetHttpProxies/moov-438615-europe-west1-public-cdn-http-proxy",
            "name": "moov-438615-europe-west1-public-cdn-http-proxy",
            "project": "moov-438615",
            "proxy_bind": false,
            "proxy_id": 3574592350319599758,
            "self_link": "https://www.googleapis.com/compute/v1/projects/moov-438615/global/targetHttpProxies/moov-438615-europe-west1-public-cdn-http-proxy",
            "timeouts": null,
            "url_map": "https://www.googleapis.com/compute/v1/projects/moov-438615/global/urlMaps/moov-438615-europe-west1-public-cdn-url-map"
          },
          "sensitive_attributes": [],
          "private": "eyJlMmJmYjczMC1lY2FhLTExZTYtOGY4OC0zNDM2M2JjN2M0YzAiOnsiY3JlYXRlIjoxMjAwMDAwMDAwMDAwLCJkZWxldGUiOjEyMDAwMDAwMDAwMDAsInVwZGF0ZSI6MTIwMDAwMDAwMDAwMH0sInNjaGVtYV92ZXJzaW9uIjoiMCJ9",
          "dependencies": [
            "module.gcloud.module.cdn.google_compute_backend_bucket.public_cdn",
            "module.gcloud.module.cdn.google_compute_url_map.url_map",
            "module.gcloud.module.cdn.google_storage_bucket.public_images"
          ]
        }
      ]
    },
    {
      "module": "module.gcloud.module.cdn",
      "mode": "managed",
      "type": "google_compute_url_map",
      "name": "url_map",
      "provider": "provider[\"registry.terraform.io/hashicorp/google\"]",
      "instances": [
        {
          "schema_version": 0,
          "attributes": {
            "creation_timestamp": "2024-10-14T11:09:25.764-07:00",
            "default_route_action": [],
            "default_service": "https://www.googleapis.com/compute/v1/projects/moov-438615/global/backendBuckets/moov-438615-europe-west1-public-cdn",
            "default_url_redirect": [],
            "description": "a description",
            "fingerprint": "dzzyZKOiAcQ=",
            "header_action": [],
            "host_rule": [
              {
                "description": "",
                "hosts": [
                  "*"
                ],
                "path_matcher": "allpaths"
              }
            ],
            "id": "projects/moov-438615/global/urlMaps/moov-438615-europe-west1-public-cdn-url-map",
            "map_id": 1748595023129141434,
            "name": "moov-438615-europe-west1-public-cdn-url-map",
            "path_matcher": [
              {
                "default_route_action": [],
                "default_service": "https://www.googleapis.com/compute/v1/projects/moov-438615/global/backendBuckets/moov-438615-europe-west1-public-cdn",
                "default_url_redirect": [],
                "description": "",
                "header_action": [],
                "name": "allpaths",
                "path_rule": [],
                "route_rules": []
              }
            ],
            "project": "moov-438615",
            "self_link": "https://www.googleapis.com/compute/v1/projects/moov-438615/global/urlMaps/moov-438615-europe-west1-public-cdn-url-map",
            "test": [],
            "timeouts": null
          },
          "sensitive_attributes": [],
          "private": "eyJlMmJmYjczMC1lY2FhLTExZTYtOGY4OC0zNDM2M2JjN2M0YzAiOnsiY3JlYXRlIjoxMjAwMDAwMDAwMDAwLCJkZWxldGUiOjEyMDAwMDAwMDAwMDAsInVwZGF0ZSI6MTIwMDAwMDAwMDAwMH0sInNjaGVtYV92ZXJzaW9uIjoiMCJ9",
          "dependencies": [
            "module.gcloud.module.cdn.google_compute_backend_bucket.public_cdn",
            "module.gcloud.module.cdn.google_storage_bucket.public_images"
          ]
        }
      ]
    },
    {
      "module": "module.gcloud.module.cdn",
      "mode": "managed",
      "type": "google_storage_bucket",
      "name": "public_images",
      "provider": "provider[\"registry.terraform.io/hashicorp/google\"]",
      "instances": [
        {
          "schema_version": 3,
          "attributes": {
            "autoclass": [],
            "cors": [],
            "custom_placement_config": [],
            "default_event_based_hold": false,
            "effective_labels": {
              "goog-terraform-provisioned": "true"
            },
            "enable_object_retention": false,
            "encryption": [],
            "force_destroy": false,
            "id": "moov-438615-europe-west1-public-images-web",
            "labels": {},
            "lifecycle_rule": [],
            "location": "US",
            "logging": [],
            "name": "moov-438615-europe-west1-public-images-web",
            "project": "moov-438615",
            "project_number": 378762893981,
            "public_access_prevention": "inherited",
            "requester_pays": false,
            "retention_policy": [],
            "rpo": "DEFAULT",
            "self_link": "https://www.googleapis.com/storage/v1/b/moov-438615-europe-west1-public-images-web",
            "soft_delete_policy": [
              {
                "effective_time": "2024-10-14T18:08:58.214Z",
                "retention_duration_seconds": 604800
              }
            ],
            "storage_class": "STANDARD",
            "terraform_labels": {
              "goog-terraform-provisioned": "true"
            },
            "timeouts": null,
            "uniform_bucket_level_access": false,
            "url": "gs://moov-438615-europe-west1-public-images-web",
            "versioning": [],
            "website": []
          },
          "sensitive_attributes": [],
          "private": "eyJlMmJmYjczMC1lY2FhLTExZTYtOGY4OC0zNDM2M2JjN2M0YzAiOnsiY3JlYXRlIjo2MDAwMDAwMDAwMDAsInJlYWQiOjI0MDAwMDAwMDAwMCwidXBkYXRlIjoyNDAwMDAwMDAwMDB9LCJzY2hlbWFfdmVyc2lvbiI6IjMifQ=="
        }
      ]
    },
    {
      "module": "module.gcloud.module.cdn",
      "mode": "managed",
      "type": "google_storage_bucket_iam_binding",
      "name": "web_public_image",
      "provider": "provider[\"registry.terraform.io/hashicorp/google\"]",
      "instances": [
        {
          "schema_version": 0,
          "attributes": {
            "bucket": "b/moov-438615-europe-west1-public-images-web",
            "condition": [],
            "etag": "CAI=",
            "id": "b/moov-438615-europe-west1-public-images-web/roles/storage.objectViewer",
            "members": [
              "allUsers"
            ],
            "role": "roles/storage.objectViewer"
          },
          "sensitive_attributes": [],
          "private": "eyJzY2hlbWFfdmVyc2lvbiI6IjAifQ==",
          "dependencies": [
            "module.gcloud.module.cdn.google_storage_bucket.public_images"
          ]
        }
      ]
    },
    {
      "module": "module.gcloud.module.cdn",
      "mode": "managed",
      "type": "google_storage_bucket_object",
      "name": "public_web_background_image",
      "provider": "provider[\"registry.terraform.io/hashicorp/google\"]",
      "instances": [
        {
          "schema_version": 0,
          "attributes": {
            "bucket": "moov-438615-europe-west1-public-images-web",
            "cache_control": "",
            "content": null,
            "content_disposition": "",
            "content_encoding": "",
            "content_language": "",
            "content_type": "image/jpeg",
            "crc32c": "S9JbYQ==",
            "customer_encryption": [],
            "detect_md5hash": "kw2gVJVoZwX5Xk32WYiH9g==",
            "event_based_hold": false,
            "generation": 1729077444546131,
            "id": "moov-438615-europe-west1-public-images-web-public-web-background-image.jpg",
            "kms_key_name": "",
            "md5hash": "kw2gVJVoZwX5Xk32WYiH9g==",
            "media_link": "https://storage.googleapis.com/download/storage/v1/b/moov-438615-europe-west1-public-images-web/o/public-web-background-image.jpg?generation=1729077444546131\u0026alt=media",
            "metadata": {},
            "name": "public-web-background-image.jpg",
            "output_name": "public-web-background-image.jpg",
            "retention": [],
            "self_link": "https://www.googleapis.com/storage/v1/b/moov-438615-europe-west1-public-images-web/o/public-web-background-image.jpg",
            "source": "../../gcloud/cdn/public-web-background-image.jpg",
            "storage_class": "STANDARD",
            "temporary_hold": false,
            "timeouts": null
          },
          "sensitive_attributes": [
            [
              {
                "type": "get_attr",
                "value": "content"
              }
            ]
          ],
          "private": "eyJlMmJmYjczMC1lY2FhLTExZTYtOGY4OC0zNDM2M2JjN2M0YzAiOnsiY3JlYXRlIjoyNDAwMDAwMDAwMDAsImRlbGV0ZSI6MjQwMDAwMDAwMDAwLCJ1cGRhdGUiOjI0MDAwMDAwMDAwMH19",
          "dependencies": [
            "module.gcloud.module.cdn.google_storage_bucket.public_images"
          ]
        }
      ]
    }
  ],
  "check_results": null
}
